// !$*UTF8*$!
{
	archiveVersion = 1;
	classes = {
	};
	objectVersion = 50;
	objects = {

/* Begin PBXBuildFile section */
		F849C2C720D3030700922371 /* AppDelegate.swift in Sources */ = {isa = PBXBuildFile; fileRef = F849C2C620D3030700922371 /* AppDelegate.swift */; };
		F849C2C920D3030700922371 /* MainViewController.swift in Sources */ = {isa = PBXBuildFile; fileRef = F849C2C820D3030700922371 /* MainViewController.swift */; };
		F849C2CC20D3030700922371 /* Main.storyboard in Resources */ = {isa = PBXBuildFile; fileRef = F849C2CA20D3030700922371 /* Main.storyboard */; };
		F849C2CE20D3030800922371 /* Assets.xcassets in Resources */ = {isa = PBXBuildFile; fileRef = F849C2CD20D3030800922371 /* Assets.xcassets */; };
		F849C2D120D3030800922371 /* LaunchScreen.storyboard in Resources */ = {isa = PBXBuildFile; fileRef = F849C2CF20D3030800922371 /* LaunchScreen.storyboard */; };
		F849C2DD20D317B200922371 /* AboutViewController.swift in Sources */ = {isa = PBXBuildFile; fileRef = F849C2DC20D317B200922371 /* AboutViewController.swift */; };
		F849C2DF20D3339400922371 /* InputViewController.swift in Sources */ = {isa = PBXBuildFile; fileRef = F849C2DE20D3339400922371 /* InputViewController.swift */; };
		F8F5549E20D93CD40029FD56 /* ButtonViewController.swift in Sources */ = {isa = PBXBuildFile; fileRef = F8F5549D20D93CD40029FD56 /* ButtonViewController.swift */; };
/* End PBXBuildFile section */

/* Begin PBXFileReference section */
		F849C2C320D3030700922371 /* MIDIHero.app */ = {isa = PBXFileReference; explicitFileType = wrapper.application; includeInIndex = 0; path = MIDIHero.app; sourceTree = BUILT_PRODUCTS_DIR; };
		F849C2C620D3030700922371 /* AppDelegate.swift */ = {isa = PBXFileReference; lastKnownFileType = sourcecode.swift; path = AppDelegate.swift; sourceTree = "<group>"; };
		F849C2C820D3030700922371 /* MainViewController.swift */ = {isa = PBXFileReference; lastKnownFileType = sourcecode.swift; path = MainViewController.swift; sourceTree = "<group>"; };
		F849C2CB20D3030700922371 /* Base */ = {isa = PBXFileReference; lastKnownFileType = file.storyboard; name = Base; path = Base.lproj/Main.storyboard; sourceTree = "<group>"; };
		F849C2CD20D3030800922371 /* Assets.xcassets */ = {isa = PBXFileReference; lastKnownFileType = folder.assetcatalog; path = Assets.xcassets; sourceTree = "<group>"; };
		F849C2D020D3030800922371 /* Base */ = {isa = PBXFileReference; lastKnownFileType = file.storyboard; name = Base; path = Base.lproj/LaunchScreen.storyboard; sourceTree = "<group>"; };
		F849C2D220D3030800922371 /* Info.plist */ = {isa = PBXFileReference; lastKnownFileType = text.plist.xml; path = Info.plist; sourceTree = "<group>"; };
		F849C2DC20D317B200922371 /* AboutViewController.swift */ = {isa = PBXFileReference; lastKnownFileType = sourcecode.swift; path = AboutViewController.swift; sourceTree = "<group>"; };
		F849C2DE20D3339400922371 /* InputViewController.swift */ = {isa = PBXFileReference; lastKnownFileType = sourcecode.swift; path = InputViewController.swift; sourceTree = "<group>"; };
		F8F5549D20D93CD40029FD56 /* ButtonViewController.swift */ = {isa = PBXFileReference; lastKnownFileType = sourcecode.swift; path = ButtonViewController.swift; sourceTree = "<group>"; };
/* End PBXFileReference section */

/* Begin PBXFrameworksBuildPhase section */
		F849C2C020D3030700922371 /* Frameworks */ = {
			isa = PBXFrameworksBuildPhase;
			buildActionMask = 2147483647;
			files = (
			);
			runOnlyForDeploymentPostprocessing = 0;
		};
/* End PBXFrameworksBuildPhase section */

/* Begin PBXGroup section */
		F849C2BA20D3030700922371 = {
			isa = PBXGroup;
			children = (
				F849C2C520D3030700922371 /* MIDIHero */,
				F849C2C420D3030700922371 /* Products */,
			);
			sourceTree = "<group>";
		};
		F849C2C420D3030700922371 /* Products */ = {
			isa = PBXGroup;
			children = (
				F849C2C320D3030700922371 /* MIDIHero.app */,
			);
			name = Products;
			sourceTree = "<group>";
		};
		F849C2C520D3030700922371 /* MIDIHero */ = {
			isa = PBXGroup;
			children = (
				F849C2C620D3030700922371 /* AppDelegate.swift */,
				F849C2C820D3030700922371 /* MainViewController.swift */,
				F849C2DC20D317B200922371 /* AboutViewController.swift */,
				F849C2CA20D3030700922371 /* Main.storyboard */,
				F8F5549D20D93CD40029FD56 /* ButtonViewController.swift */,
				F849C2CD20D3030800922371 /* Assets.xcassets */,
				F849C2CF20D3030800922371 /* LaunchScreen.storyboard */,
				F849C2D220D3030800922371 /* Info.plist */,
				F849C2DE20D3339400922371 /* InputViewController.swift */,
			);
			path = MIDIHero;
			sourceTree = "<group>";
		};
/* End PBXGroup section */

/* Begin PBXNativeTarget section */
		F849C2C220D3030700922371 /* MIDIHero */ = {
			isa = PBXNativeTarget;
			buildConfigurationList = F849C2D520D3030800922371 /* Build configuration list for PBXNativeTarget "MIDIHero" */;
			buildPhases = (
				F849C2BF20D3030700922371 /* Sources */,
				F849C2C020D3030700922371 /* Frameworks */,
				F849C2C120D3030700922371 /* Resources */,
			);
			buildRules = (
			);
			dependencies = (
			);
			name = MIDIHero;
			productName = MIDIHero;
			productReference = F849C2C320D3030700922371 /* MIDIHero.app */;
			productType = "com.apple.product-type.application";
		};
/* End PBXNativeTarget section */

/* Begin PBXProject section */
		F849C2BB20D3030700922371 /* Project object */ = {
			isa = PBXProject;
			attributes = {
				LastSwiftUpdateCheck = 0940;
				LastUpgradeCheck = 0940;
				ORGANIZATIONNAME = "Gordon Swan";
				TargetAttributes = {
					F849C2C220D3030700922371 = {
						CreatedOnToolsVersion = 9.4;
					};
				};
			};
			buildConfigurationList = F849C2BE20D3030700922371 /* Build configuration list for PBXProject "MIDIHero" */;
			compatibilityVersion = "Xcode 9.3";
			developmentRegion = en;
			hasScannedForEncodings = 0;
			knownRegions = (
				en,
				Base,
			);
			mainGroup = F849C2BA20D3030700922371;
			productRefGroup = F849C2C420D3030700922371 /* Products */;
			projectDirPath = "";
			projectRoot = "";
			targets = (
				F849C2C220D3030700922371 /* MIDIHero */,
			);
		};
/* End PBXProject section */

/* Begin PBXResourcesBuildPhase section */
		F849C2C120D3030700922371 /* Resources */ = {
			isa = PBXResourcesBuildPhase;
			buildActionMask = 2147483647;
			files = (
				F849C2D120D3030800922371 /* LaunchScreen.storyboard in Resources */,
				F849C2CE20D3030800922371 /* Assets.xcassets in Resources */,
				F849C2CC20D3030700922371 /* Main.storyboard in Resources */,
			);
			runOnlyForDeploymentPostprocessing = 0;
		};
/* End PBXResourcesBuildPhase section */

/* Begin PBXSourcesBuildPhase section */
		F849C2BF20D3030700922371 /* Sources */ = {
			isa = PBXSourcesBuildPhase;
			buildActionMask = 2147483647;
			files = (
				F849C2DD20D317B200922371 /* AboutViewController.swift in Sources */,
				F849C2C920D3030700922371 /* MainViewController.swift in Sources */,
				F849C2C720D3030700922371 /* AppDelegate.swift in Sources */,
				F8F5549E20D93CD40029FD56 /* ButtonViewController.swift in Sources */,
				F849C2DF20D3339400922371 /* InputViewController.swift in Sources */,
			);
			runOnlyForDeploymentPostprocessing = 0;
		};
/* End PBXSourcesBuildPhase section */

/* Begin PBXVariantGroup section */
		F849C2CA20D3030700922371 /* Main.storyboard */ = {
			isa = PBXVariantGroup;
			children = (
				F849C2CB20D3030700922371 /* Base */,
			);
			name = Main.storyboard;
			sourceTree = "<group>";
		};
		F849C2CF20D3030800922371 /* LaunchScreen.storyboard */ = {
			isa = PBXVariantGroup;
			children = (
				F849C2D020D3030800922371 /* Base */,
			);
			name = LaunchScreen.storyboard;
			sourceTree = "<group>";
		};
/* End PBXVariantGroup section */

/* Begin XCBuildConfiguration section */
		F849C2D320D3030800922371 /* Debug */ = {
			isa = XCBuildConfiguration;
			buildSettings = {
				ALWAYS_SEARCH_USER_PATHS = NO;
				CLANG_ANALYZER_NONNULL = YES;
				CLANG_ANALYZER_NUMBER_OBJECT_CONVERSION = YES_AGGRESSIVE;
				CLANG_CXX_LANGUAGE_STANDARD = "gnu++14";
				CLANG_CXX_LIBRARY = "libc++";
				CLANG_ENABLE_MODULES = YES;
				CLANG_ENABLE_OBJC_ARC = YES;
				CLANG_ENABLE_OBJC_WEAK = YES;
				CLANG_WARN_BLOCK_CAPTURE_AUTORELEASING = YES;
				CLANG_WARN_BOOL_CONVERSION = YES;
				CLANG_WARN_COMMA = YES;
				CLANG_WARN_CONSTANT_CONVERSION = YES;
				CLANG_WARN_DEPRECATED_OBJC_IMPLEMENTATIONS = YES;
				CLANG_WARN_DIRECT_OBJC_ISA_USAGE = YES_ERROR;
				CLANG_WARN_DOCUMENTATION_COMMENTS = YES;
				CLANG_WARN_EMPTY_BODY = YES;
				CLANG_WARN_ENUM_CONVERSION = YES;
				CLANG_WARN_INFINITE_RECURSION = YES;
				CLANG_WARN_INT_CONVERSION = YES;
				CLANG_WARN_NON_LITERAL_NULL_CONVERSION = YES;
				CLANG_WARN_OBJC_IMPLICIT_RETAIN_SELF = YES;
				CLANG_WARN_OBJC_LITERAL_CONVERSION = YES;
				CLANG_WARN_OBJC_ROOT_CLASS = YES_ERROR;
				CLANG_WARN_RANGE_LOOP_ANALYSIS = YES;
				CLANG_WARN_STRICT_PROTOTYPES = YES;
				CLANG_WARN_SUSPICIOUS_MOVE = YES;
				CLANG_WARN_UNGUARDED_AVAILABILITY = YES_AGGRESSIVE;
				CLANG_WARN_UNREACHABLE_CODE = YES;
				CLANG_WARN__DUPLICATE_METHOD_MATCH = YES;
				CODE_SIGN_IDENTITY = "iPhone Developer";
				COPY_PHASE_STRIP = NO;
				DEBUG_INFORMATION_FORMAT = dwarf;
				ENABLE_STRICT_OBJC_MSGSEND = YES;
				ENABLE_TESTABILITY = YES;
				GCC_C_LANGUAGE_STANDARD = gnu11;
				GCC_DYNAMIC_NO_PIC = NO;
				GCC_NO_COMMON_BLOCKS = YES;
				GCC_OPTIMIZATION_LEVEL = 0;
				GCC_PREPROCESSOR_DEFINITIONS = (
					"DEBUG=1",
					"$(inherited)",
				);
				GCC_WARN_64_TO_32_BIT_CONVERSION = YES;
				GCC_WARN_ABOUT_RETURN_TYPE = YES_ERROR;
				GCC_WARN_UNDECLARED_SELECTOR = YES;
				GCC_WARN_UNINITIALIZED_AUTOS = YES_AGGRESSIVE;
				GCC_WARN_UNUSED_FUNCTION = YES;
				GCC_WARN_UNUSED_VARIABLE = YES;
				IPHONEOS_DEPLOYMENT_TARGET = 11.4;
				MTL_ENABLE_DEBUG_INFO = YES;
				ONLY_ACTIVE_ARCH = YES;
				SDKROOT = iphoneos;
				SWIFT_ACTIVE_COMPILATION_CONDITIONS = DEBUG;
				SWIFT_OPTIMIZATION_LEVEL = "-Onone";
			};
			name = Debug;
		};
		F849C2D420D3030800922371 /* Release */ = {
			isa = XCBuildConfiguration;
			buildSettings = {
				ALWAYS_SEARCH_USER_PATHS = NO;
				CLANG_ANALYZER_NONNULL = YES;
				CLANG_ANALYZER_NUMBER_OBJECT_CONVERSION = YES_AGGRESSIVE;
				CLANG_CXX_LANGUAGE_STANDARD = "gnu++14";
				CLANG_CXX_LIBRARY = "libc++";
				CLANG_ENABLE_MODULES = YES;
				CLANG_ENABLE_OBJC_ARC = YES;
				CLANG_ENABLE_OBJC_WEAK = YES;
				CLANG_WARN_BLOCK_CAPTURE_AUTORELEASING = YES;
				CLANG_WARN_BOOL_CONVERSION = YES;
				CLANG_WARN_COMMA = YES;
				CLANG_WARN_CONSTANT_CONVERSION = YES;
				CLANG_WARN_DEPRECATED_OBJC_IMPLEMENTATIONS = YES;
				CLANG_WARN_DIRECT_OBJC_ISA_USAGE = YES_ERROR;
				CLANG_WARN_DOCUMENTATION_COMMENTS = YES;
				CLANG_WARN_EMPTY_BODY = YES;
				CLANG_WARN_ENUM_CONVERSION = YES;
				CLANG_WARN_INFINITE_RECURSION = YES;
				CLANG_WARN_INT_CONVERSION = YES;
				CLANG_WARN_NON_LITERAL_NULL_CONVERSION = YES;
				CLANG_WARN_OBJC_IMPLICIT_RETAIN_SELF = YES;
				CLANG_WARN_OBJC_LITERAL_CONVERSION = YES;
				CLANG_WARN_OBJC_ROOT_CLASS = YES_ERROR;
				CLANG_WARN_RANGE_LOOP_ANALYSIS = YES;
				CLANG_WARN_STRICT_PROTOTYPES = YES;
				CLANG_WARN_SUSPICIOUS_MOVE = YES;
				CLANG_WARN_UNGUARDED_AVAILABILITY = YES_AGGRESSIVE;
				CLANG_WARN_UNREACHABLE_CODE = YES;
				CLANG_WARN__DUPLICATE_METHOD_MATCH = YES;
				CODE_SIGN_IDENTITY = "iPhone Developer";
				COPY_PHASE_STRIP = NO;
				DEBUG_INFORMATION_FORMAT = "dwarf-with-dsym";
				ENABLE_NS_ASSERTIONS = NO;
				ENABLE_STRICT_OBJC_MSGSEND = YES;
				GCC_C_LANGUAGE_STANDARD = gnu11;
				GCC_NO_COMMON_BLOCKS = YES;
				GCC_WARN_64_TO_32_BIT_CONVERSION = YES;
				GCC_WARN_ABOUT_RETURN_TYPE = YES_ERROR;
				GCC_WARN_UNDECLARED_SELECTOR = YES;
				GCC_WARN_UNINITIALIZED_AUTOS = YES_AGGRESSIVE;
				GCC_WARN_UNUSED_FUNCTION = YES;
				GCC_WARN_UNUSED_VARIABLE = YES;
				IPHONEOS_DEPLOYMENT_TARGET = 11.4;
				MTL_ENABLE_DEBUG_INFO = NO;
				SDKROOT = iphoneos;
				SWIFT_COMPILATION_MODE = wholemodule;
				SWIFT_OPTIMIZATION_LEVEL = "-O";
				VALIDATE_PRODUCT = YES;
			};
			name = Release;
		};
		F849C2D620D3030800922371 /* Debug */ = {
			isa = XCBuildConfiguration;
			buildSettings = {
				ASSETCATALOG_COMPILER_APPICON_NAME = AppIcon;
				CODE_SIGN_STYLE = Automatic;
				DEVELOPMENT_TEAM = Z3Y3JEG555;
				INFOPLIST_FILE = MIDIHero/Info.plist;
				LD_RUNPATH_SEARCH_PATHS = (
					"$(inherited)",
					"@executable_path/Frameworks",
				);
				PRODUCT_BUNDLE_IDENTIFIER = com.enu.MIDIHero;
				PRODUCT_NAME = "$(TARGET_NAME)";
				SWIFT_VERSION = 4.0;
				TARGETED_DEVICE_FAMILY = 1;
			};
			name = Debug;
		};
		F849C2D720D3030800922371 /* Release */ = {
			isa = XCBuildConfiguration;
			buildSettings = {
				ASSETCATALOG_COMPILER_APPICON_NAME = AppIcon;
				CODE_SIGN_STYLE = Automatic;
				DEVELOPMENT_TEAM = Z3Y3JEG555;
				INFOPLIST_FILE = MIDIHero/Info.plist;
				LD_RUNPATH_SEARCH_PATHS = (
					"$(inherited)",
					"@executable_path/Frameworks",
				);
				PRODUCT_BUNDLE_IDENTIFIER = com.enu.MIDIHero;
				PRODUCT_NAME = "$(TARGET_NAME)";
				SWIFT_VERSION = 4.0;
				TARGETED_DEVICE_FAMILY = 1;
			};
			name = Release;
		};
/* End XCBuildConfiguration section */

/* Begin XCConfigurationList section */
		F849C2BE20D3030700922371 /* Build configuration list for PBXProject "MIDIHero" */ = {
			isa = XCConfigurationList;
			buildConfigurations = (
				F849C2D320D3030800922371 /* Debug */,
				F849C2D420D3030800922371 /* Release */,
			);
			defaultConfigurationIsVisible = 0;
			defaultConfigurationName = Release;
		};
		F849C2D520D3030800922371 /* Build configuration list for PBXNativeTarget "MIDIHero" */ = {
			isa = XCConfigurationList;
			buildConfigurations = (
				F849C2D620D3030800922371 /* Debug */,
				F849C2D720D3030800922371 /* Release */,
			);
			defaultConfigurationIsVisible = 0;
			defaultConfigurationName = Release;
		};
/* End XCConfigurationList section */
	};
	rootObject = F849C2BB20D3030700922371 /* Project object */;
}
