// !$*UTF8*$!
{
	archiveVersion = 1;
	classes = {
	};
	objectVersion = 52;
	objects = {

/* Begin PBXBuildFile section */
		C4A7CBAB28D8EB2D0028F259 /* Utils.swift in Sources */ = {isa = PBXBuildFile; fileRef = C4A7CBAA28D8EB2D0028F259 /* Utils.swift */; };
		C4A7CBAC28D8EB2D0028F259 /* Utils.swift in Sources */ = {isa = PBXBuildFile; fileRef = C4A7CBAA28D8EB2D0028F259 /* Utils.swift */; };
		C4A7CBAE28D9055C0028F259 /* DebugView.swift in Sources */ = {isa = PBXBuildFile; fileRef = C4A7CBAD28D9055C0028F259 /* DebugView.swift */; };
		C4A7CBAF28D9055C0028F259 /* DebugView.swift in Sources */ = {isa = PBXBuildFile; fileRef = C4A7CBAD28D9055C0028F259 /* DebugView.swift */; };
		C4DC2CFA28D4E93B003147C7 /* MIDIHero_macOSApp.swift in Sources */ = {isa = PBXBuildFile; fileRef = C4DC2CF928D4E93B003147C7 /* MIDIHero_macOSApp.swift */; };
		C4DC2CFC28D4E93B003147C7 /* DesktopView.swift in Sources */ = {isa = PBXBuildFile; fileRef = C4DC2CFB28D4E93B003147C7 /* DesktopView.swift */; };
		C4DC2D0128D4E93E003147C7 /* Preview Assets.xcassets in Resources */ = {isa = PBXBuildFile; fileRef = C4DC2D0028D4E93E003147C7 /* Preview Assets.xcassets */; };
		C4DC2D2528D4E9F9003147C7 /* Preview Assets.xcassets in Resources */ = {isa = PBXBuildFile; fileRef = C4DC2D2428D4E9F9003147C7 /* Preview Assets.xcassets */; };
		C4DC2D2828D4E9F9003147C7 /* Preview Assets.xcassets in Resources */ = {isa = PBXBuildFile; fileRef = C4DC2D2428D4E9F9003147C7 /* Preview Assets.xcassets */; };
		C4DC2D2C28D4ED0E003147C7 /* Assets.xcassets in Resources */ = {isa = PBXBuildFile; fileRef = C4DC2D2B28D4ED0E003147C7 /* Assets.xcassets */; };
		C4DC2D8228D4EFD0003147C7 /* DataModels.swift in Sources */ = {isa = PBXBuildFile; fileRef = F8425F3A25BB96370004BAAA /* DataModels.swift */; };
		C4DC2D9128D51320003147C7 /* ListRowView.swift in Sources */ = {isa = PBXBuildFile; fileRef = F851F25625C3636700EEBEF8 /* ListRowView.swift */; };
		C4DC2D9228D528DB003147C7 /* StatusView.swift in Sources */ = {isa = PBXBuildFile; fileRef = F89DC42125B257CD003CDF13 /* StatusView.swift */; };
		C4DC2D9328D533A5003147C7 /* Assets.xcassets in Resources */ = {isa = PBXBuildFile; fileRef = C4DC2D2B28D4ED0E003147C7 /* Assets.xcassets */; };
		C4EDDD6228D5E72F00252B1C /* SettingsManager.swift in Sources */ = {isa = PBXBuildFile; fileRef = C4EDDD6128D5E72F00252B1C /* SettingsManager.swift */; };
		C4EDDD6328D5E72F00252B1C /* SettingsManager.swift in Sources */ = {isa = PBXBuildFile; fileRef = C4EDDD6128D5E72F00252B1C /* SettingsManager.swift */; };
		C4EDDD6528D5FEB400252B1C /* BluetoothManager.swift in Sources */ = {isa = PBXBuildFile; fileRef = C4EDDD6428D5FEB400252B1C /* BluetoothManager.swift */; };
		C4EDDD6628D5FEB400252B1C /* BluetoothManager.swift in Sources */ = {isa = PBXBuildFile; fileRef = C4EDDD6428D5FEB400252B1C /* BluetoothManager.swift */; };
		C4EDDD6828D6009B00252B1C /* MIDIManager.swift in Sources */ = {isa = PBXBuildFile; fileRef = C4EDDD6728D6009B00252B1C /* MIDIManager.swift */; };
		C4EDDD6928D6009B00252B1C /* MIDIManager.swift in Sources */ = {isa = PBXBuildFile; fileRef = C4EDDD6728D6009B00252B1C /* MIDIManager.swift */; };
		C4EDDD6B28D6049200252B1C /* ControllerManager.swift in Sources */ = {isa = PBXBuildFile; fileRef = C4EDDD6A28D6049200252B1C /* ControllerManager.swift */; };
		C4EDDD6C28D6049200252B1C /* ControllerManager.swift in Sources */ = {isa = PBXBuildFile; fileRef = C4EDDD6A28D6049200252B1C /* ControllerManager.swift */; };
		C4FF0DC928D5458300E1F80A /* DesktopSettingsView.swift in Sources */ = {isa = PBXBuildFile; fileRef = C4FF0DC828D5458300E1F80A /* DesktopSettingsView.swift */; };
		C4FF0DCB28D54C1600E1F80A /* CoreBluetooth.framework in Frameworks */ = {isa = PBXBuildFile; fileRef = C4FF0DCA28D54C1600E1F80A /* CoreBluetooth.framework */; };
		C4FF0DCD28D54C2200E1F80A /* CoreMIDI.framework in Frameworks */ = {isa = PBXBuildFile; fileRef = C4FF0DCC28D54C2200E1F80A /* CoreMIDI.framework */; platformFilter = maccatalyst; };
		C4FF0DCF28D54C2A00E1F80A /* CoreBluetooth.framework in Frameworks */ = {isa = PBXBuildFile; fileRef = C4FF0DCE28D54C2A00E1F80A /* CoreBluetooth.framework */; platformFilter = maccatalyst; };
		F81FC74025C786B3001C2A54 /* MIDISettingsView.swift in Sources */ = {isa = PBXBuildFile; fileRef = F81FC73F25C786B3001C2A54 /* MIDISettingsView.swift */; };
		F81FC74525C786CE001C2A54 /* ControllerSettingsView.swift in Sources */ = {isa = PBXBuildFile; fileRef = F81FC74425C786CE001C2A54 /* ControllerSettingsView.swift */; };
		F81FC74A25C78A14001C2A54 /* FormOptionView.swift in Sources */ = {isa = PBXBuildFile; fileRef = F81FC74925C78A14001C2A54 /* FormOptionView.swift */; };
		F83B5A2325F170C300AEBCD0 /* DebugNotesView.swift in Sources */ = {isa = PBXBuildFile; fileRef = F83B5A2225F170C300AEBCD0 /* DebugNotesView.swift */; };
		F8425F3B25BB96370004BAAA /* DataModels.swift in Sources */ = {isa = PBXBuildFile; fileRef = F8425F3A25BB96370004BAAA /* DataModels.swift */; };
		F851F24D25C35B6400EEBEF8 /* SettingsView.swift in Sources */ = {isa = PBXBuildFile; fileRef = F851F24C25C35B6400EEBEF8 /* SettingsView.swift */; };
		F851F25725C3636700EEBEF8 /* ListRowView.swift in Sources */ = {isa = PBXBuildFile; fileRef = F851F25625C3636700EEBEF8 /* ListRowView.swift */; };
		F851F25C25C36AB800EEBEF8 /* FormLinkView.swift in Sources */ = {isa = PBXBuildFile; fileRef = F851F25B25C36AB800EEBEF8 /* FormLinkView.swift */; };
		F851F26125C371B400EEBEF8 /* PhoneView.swift in Sources */ = {isa = PBXBuildFile; fileRef = F851F26025C371B400EEBEF8 /* PhoneView.swift */; };
		F851F26625C3728B00EEBEF8 /* PatchView.swift in Sources */ = {isa = PBXBuildFile; fileRef = F851F26525C3728B00EEBEF8 /* PatchView.swift */; };
		F851F26B25C373F700EEBEF8 /* RuleView.swift in Sources */ = {isa = PBXBuildFile; fileRef = F851F26A25C373F700EEBEF8 /* RuleView.swift */; };
		F851F27325C3793800EEBEF8 /* LogView.swift in Sources */ = {isa = PBXBuildFile; fileRef = F851F27225C3793800EEBEF8 /* LogView.swift */; };
		F89DC42025B257CD003CDF13 /* MIDIHeroApp.swift in Sources */ = {isa = PBXBuildFile; fileRef = F89DC41F25B257CD003CDF13 /* MIDIHeroApp.swift */; };
		F89DC42225B257CD003CDF13 /* StatusView.swift in Sources */ = {isa = PBXBuildFile; fileRef = F89DC42125B257CD003CDF13 /* StatusView.swift */; };
		F89DC42725B257CF003CDF13 /* Preview Assets.xcassets in Resources */ = {isa = PBXBuildFile; fileRef = F89DC42625B257CF003CDF13 /* Preview Assets.xcassets */; };
		F8D64FC825C228EA00440421 /* CoreMIDI.framework in Frameworks */ = {isa = PBXBuildFile; fileRef = F8D64FC725C228EA00440421 /* CoreMIDI.framework */; };
/* End PBXBuildFile section */

/* Begin PBXFileReference section */
		C4A7CBAA28D8EB2D0028F259 /* Utils.swift */ = {isa = PBXFileReference; lastKnownFileType = sourcecode.swift; path = Utils.swift; sourceTree = "<group>"; };
		C4A7CBAD28D9055C0028F259 /* DebugView.swift */ = {isa = PBXFileReference; lastKnownFileType = sourcecode.swift; path = DebugView.swift; sourceTree = "<group>"; };
		C4DC2CF728D4E93B003147C7 /* MIDIHero-macOS.app */ = {isa = PBXFileReference; explicitFileType = wrapper.application; includeInIndex = 0; path = "MIDIHero-macOS.app"; sourceTree = BUILT_PRODUCTS_DIR; };
		C4DC2CF928D4E93B003147C7 /* MIDIHero_macOSApp.swift */ = {isa = PBXFileReference; lastKnownFileType = sourcecode.swift; path = MIDIHero_macOSApp.swift; sourceTree = "<group>"; };
		C4DC2CFB28D4E93B003147C7 /* DesktopView.swift */ = {isa = PBXFileReference; lastKnownFileType = sourcecode.swift; path = DesktopView.swift; sourceTree = "<group>"; };
		C4DC2D0028D4E93E003147C7 /* Preview Assets.xcassets */ = {isa = PBXFileReference; lastKnownFileType = folder.assetcatalog; path = "Preview Assets.xcassets"; sourceTree = "<group>"; };
		C4DC2D0228D4E93E003147C7 /* MIDIHero_macOS.entitlements */ = {isa = PBXFileReference; lastKnownFileType = text.plist.entitlements; path = MIDIHero_macOS.entitlements; sourceTree = "<group>"; };
		C4DC2D2428D4E9F9003147C7 /* Preview Assets.xcassets */ = {isa = PBXFileReference; lastKnownFileType = folder.assetcatalog; path = "Preview Assets.xcassets"; sourceTree = "<group>"; };
		C4DC2D2B28D4ED0E003147C7 /* Assets.xcassets */ = {isa = PBXFileReference; lastKnownFileType = folder.assetcatalog; path = Assets.xcassets; sourceTree = "<group>"; };
		C4EDDD6128D5E72F00252B1C /* SettingsManager.swift */ = {isa = PBXFileReference; lastKnownFileType = sourcecode.swift; path = SettingsManager.swift; sourceTree = "<group>"; };
		C4EDDD6428D5FEB400252B1C /* BluetoothManager.swift */ = {isa = PBXFileReference; lastKnownFileType = sourcecode.swift; path = BluetoothManager.swift; sourceTree = "<group>"; };
		C4EDDD6728D6009B00252B1C /* MIDIManager.swift */ = {isa = PBXFileReference; lastKnownFileType = sourcecode.swift; path = MIDIManager.swift; sourceTree = "<group>"; };
		C4EDDD6A28D6049200252B1C /* ControllerManager.swift */ = {isa = PBXFileReference; lastKnownFileType = sourcecode.swift; path = ControllerManager.swift; sourceTree = "<group>"; };
		C4FF0DC828D5458300E1F80A /* DesktopSettingsView.swift */ = {isa = PBXFileReference; lastKnownFileType = sourcecode.swift; path = DesktopSettingsView.swift; sourceTree = "<group>"; };
		C4FF0DCA28D54C1600E1F80A /* CoreBluetooth.framework */ = {isa = PBXFileReference; lastKnownFileType = wrapper.framework; name = CoreBluetooth.framework; path = System/Library/Frameworks/CoreBluetooth.framework; sourceTree = SDKROOT; };
		C4FF0DCC28D54C2200E1F80A /* CoreMIDI.framework */ = {isa = PBXFileReference; lastKnownFileType = wrapper.framework; name = CoreMIDI.framework; path = Platforms/MacOSX.platform/Developer/SDKs/MacOSX12.1.sdk/System/Library/Frameworks/CoreMIDI.framework; sourceTree = DEVELOPER_DIR; };
		C4FF0DCE28D54C2A00E1F80A /* CoreBluetooth.framework */ = {isa = PBXFileReference; lastKnownFileType = wrapper.framework; name = CoreBluetooth.framework; path = Platforms/MacOSX.platform/Developer/SDKs/MacOSX12.1.sdk/System/Library/Frameworks/CoreBluetooth.framework; sourceTree = DEVELOPER_DIR; };
		C4FF0DD028D54DCB00E1F80A /* Info.plist */ = {isa = PBXFileReference; lastKnownFileType = text.plist; path = Info.plist; sourceTree = "<group>"; };
		F81FC73F25C786B3001C2A54 /* MIDISettingsView.swift */ = {isa = PBXFileReference; lastKnownFileType = sourcecode.swift; path = MIDISettingsView.swift; sourceTree = "<group>"; };
		F81FC74425C786CE001C2A54 /* ControllerSettingsView.swift */ = {isa = PBXFileReference; lastKnownFileType = sourcecode.swift; path = ControllerSettingsView.swift; sourceTree = "<group>"; };
		F81FC74925C78A14001C2A54 /* FormOptionView.swift */ = {isa = PBXFileReference; lastKnownFileType = sourcecode.swift; path = FormOptionView.swift; sourceTree = "<group>"; };
		F83B5A2225F170C300AEBCD0 /* DebugNotesView.swift */ = {isa = PBXFileReference; lastKnownFileType = sourcecode.swift; path = DebugNotesView.swift; sourceTree = "<group>"; };
		F8425F3A25BB96370004BAAA /* DataModels.swift */ = {isa = PBXFileReference; lastKnownFileType = sourcecode.swift; path = DataModels.swift; sourceTree = "<group>"; };
		F851F24C25C35B6400EEBEF8 /* SettingsView.swift */ = {isa = PBXFileReference; lastKnownFileType = sourcecode.swift; path = SettingsView.swift; sourceTree = "<group>"; };
		F851F25625C3636700EEBEF8 /* ListRowView.swift */ = {isa = PBXFileReference; lastKnownFileType = sourcecode.swift; path = ListRowView.swift; sourceTree = "<group>"; };
		F851F25B25C36AB800EEBEF8 /* FormLinkView.swift */ = {isa = PBXFileReference; lastKnownFileType = sourcecode.swift; path = FormLinkView.swift; sourceTree = "<group>"; };
		F851F26025C371B400EEBEF8 /* PhoneView.swift */ = {isa = PBXFileReference; lastKnownFileType = sourcecode.swift; path = PhoneView.swift; sourceTree = "<group>"; };
		F851F26525C3728B00EEBEF8 /* PatchView.swift */ = {isa = PBXFileReference; lastKnownFileType = sourcecode.swift; path = PatchView.swift; sourceTree = "<group>"; };
		F851F26A25C373F700EEBEF8 /* RuleView.swift */ = {isa = PBXFileReference; lastKnownFileType = sourcecode.swift; path = RuleView.swift; sourceTree = "<group>"; };
		F851F27225C3793800EEBEF8 /* LogView.swift */ = {isa = PBXFileReference; lastKnownFileType = sourcecode.swift; path = LogView.swift; sourceTree = "<group>"; };
		F89DC41C25B257CD003CDF13 /* MIDIHero-Mobile.app */ = {isa = PBXFileReference; explicitFileType = wrapper.application; includeInIndex = 0; path = "MIDIHero-Mobile.app"; sourceTree = BUILT_PRODUCTS_DIR; };
		F89DC41F25B257CD003CDF13 /* MIDIHeroApp.swift */ = {isa = PBXFileReference; lastKnownFileType = sourcecode.swift; path = MIDIHeroApp.swift; sourceTree = "<group>"; };
		F89DC42125B257CD003CDF13 /* StatusView.swift */ = {isa = PBXFileReference; lastKnownFileType = sourcecode.swift; path = StatusView.swift; sourceTree = "<group>"; };
		F89DC42625B257CF003CDF13 /* Preview Assets.xcassets */ = {isa = PBXFileReference; lastKnownFileType = folder.assetcatalog; path = "Preview Assets.xcassets"; sourceTree = "<group>"; };
		F89DC42825B257CF003CDF13 /* Info.plist */ = {isa = PBXFileReference; lastKnownFileType = text.plist.xml; path = Info.plist; sourceTree = "<group>"; };
		F8D64FC725C228EA00440421 /* CoreMIDI.framework */ = {isa = PBXFileReference; lastKnownFileType = wrapper.framework; name = CoreMIDI.framework; path = System/Library/Frameworks/CoreMIDI.framework; sourceTree = SDKROOT; };
/* End PBXFileReference section */

/* Begin PBXFrameworksBuildPhase section */
		C4DC2CF428D4E93B003147C7 /* Frameworks */ = {
			isa = PBXFrameworksBuildPhase;
			buildActionMask = 2147483647;
			files = (
				C4FF0DCF28D54C2A00E1F80A /* CoreBluetooth.framework in Frameworks */,
				C4FF0DCD28D54C2200E1F80A /* CoreMIDI.framework in Frameworks */,
			);
			runOnlyForDeploymentPostprocessing = 0;
		};
		F89DC41925B257CD003CDF13 /* Frameworks */ = {
			isa = PBXFrameworksBuildPhase;
			buildActionMask = 2147483647;
			files = (
				C4FF0DCB28D54C1600E1F80A /* CoreBluetooth.framework in Frameworks */,
				F8D64FC825C228EA00440421 /* CoreMIDI.framework in Frameworks */,
			);
			runOnlyForDeploymentPostprocessing = 0;
		};
/* End PBXFrameworksBuildPhase section */

/* Begin PBXGroup section */
		C4DC2CF828D4E93B003147C7 /* MIDIHero-macOS */ = {
			isa = PBXGroup;
			children = (
				C4FF0DD028D54DCB00E1F80A /* Info.plist */,
				C4DC2D8528D4FAA1003147C7 /* Views */,
				C4DC2CF928D4E93B003147C7 /* MIDIHero_macOSApp.swift */,
				C4DC2D0228D4E93E003147C7 /* MIDIHero_macOS.entitlements */,
				C4DC2CFF28D4E93E003147C7 /* Preview Content */,
			);
			path = "MIDIHero-macOS";
			sourceTree = "<group>";
		};
		C4DC2CFF28D4E93E003147C7 /* Preview Content */ = {
			isa = PBXGroup;
			children = (
				C4DC2D0028D4E93E003147C7 /* Preview Assets.xcassets */,
			);
			path = "Preview Content";
			sourceTree = "<group>";
		};
		C4DC2D2228D4E97E003147C7 /* Shared */ = {
			isa = PBXGroup;
			children = (
				C4DC2D7028D4EF99003147C7 /* Models */,
				C4DC2D3228D4EE4D003147C7 /* Views */,
				C4DC2D2328D4E98C003147C7 /* Preview Content */,
				C4DC2D2B28D4ED0E003147C7 /* Assets.xcassets */,
			);
			path = Shared;
			sourceTree = "<group>";
		};
		C4DC2D2328D4E98C003147C7 /* Preview Content */ = {
			isa = PBXGroup;
			children = (
				C4DC2D2428D4E9F9003147C7 /* Preview Assets.xcassets */,
			);
			path = "Preview Content";
			sourceTree = "<group>";
		};
		C4DC2D3228D4EE4D003147C7 /* Views */ = {
			isa = PBXGroup;
			children = (
				F89DC42125B257CD003CDF13 /* StatusView.swift */,
				F851F25625C3636700EEBEF8 /* ListRowView.swift */,
				C4A7CBAD28D9055C0028F259 /* DebugView.swift */,
			);
			path = Views;
			sourceTree = "<group>";
		};
		C4DC2D7028D4EF99003147C7 /* Models */ = {
			isa = PBXGroup;
			children = (
				F8425F3A25BB96370004BAAA /* DataModels.swift */,
				C4EDDD6128D5E72F00252B1C /* SettingsManager.swift */,
				C4EDDD6428D5FEB400252B1C /* BluetoothManager.swift */,
				C4EDDD6728D6009B00252B1C /* MIDIManager.swift */,
				C4EDDD6A28D6049200252B1C /* ControllerManager.swift */,
				C4A7CBAA28D8EB2D0028F259 /* Utils.swift */,
			);
			path = Models;
			sourceTree = "<group>";
		};
		C4DC2D8528D4FAA1003147C7 /* Views */ = {
			isa = PBXGroup;
			children = (
				C4DC2CFB28D4E93B003147C7 /* DesktopView.swift */,
				C4FF0DC828D5458300E1F80A /* DesktopSettingsView.swift */,
			);
			path = Views;
			sourceTree = "<group>";
		};
		F851F25225C3634D00EEBEF8 /* View */ = {
			isa = PBXGroup;
			children = (
				F851F25B25C36AB800EEBEF8 /* FormLinkView.swift */,
				F851F26A25C373F700EEBEF8 /* RuleView.swift */,
				F81FC74925C78A14001C2A54 /* FormOptionView.swift */,
				F83B5A2225F170C300AEBCD0 /* DebugNotesView.swift */,
				F851F24C25C35B6400EEBEF8 /* SettingsView.swift */,
				F81FC73F25C786B3001C2A54 /* MIDISettingsView.swift */,
				F81FC74425C786CE001C2A54 /* ControllerSettingsView.swift */,
				F851F26525C3728B00EEBEF8 /* PatchView.swift */,
				F851F27225C3793800EEBEF8 /* LogView.swift */,
				F851F26025C371B400EEBEF8 /* PhoneView.swift */,
			);
			path = View;
			sourceTree = "<group>";
		};
		F89DC41325B257CD003CDF13 = {
			isa = PBXGroup;
			children = (
				C4DC2D2228D4E97E003147C7 /* Shared */,
				F89DC41E25B257CD003CDF13 /* MIDIHero-Mobile */,
				C4DC2CF828D4E93B003147C7 /* MIDIHero-macOS */,
				F89DC41D25B257CD003CDF13 /* Products */,
				F8D64FC625C228E900440421 /* Frameworks */,
			);
			sourceTree = "<group>";
		};
		F89DC41D25B257CD003CDF13 /* Products */ = {
			isa = PBXGroup;
			children = (
				F89DC41C25B257CD003CDF13 /* MIDIHero-Mobile.app */,
				C4DC2CF728D4E93B003147C7 /* MIDIHero-macOS.app */,
			);
			name = Products;
			sourceTree = "<group>";
		};
		F89DC41E25B257CD003CDF13 /* MIDIHero-Mobile */ = {
			isa = PBXGroup;
			children = (
				F89DC41F25B257CD003CDF13 /* MIDIHeroApp.swift */,
				F851F25225C3634D00EEBEF8 /* View */,
				F89DC42825B257CF003CDF13 /* Info.plist */,
				F89DC42525B257CF003CDF13 /* Preview Content */,
			);
			path = "MIDIHero-Mobile";
			sourceTree = "<group>";
		};
		F89DC42525B257CF003CDF13 /* Preview Content */ = {
			isa = PBXGroup;
			children = (
				F89DC42625B257CF003CDF13 /* Preview Assets.xcassets */,
			);
			path = "Preview Content";
			sourceTree = "<group>";
		};
		F8D64FC625C228E900440421 /* Frameworks */ = {
			isa = PBXGroup;
			children = (
				C4FF0DCE28D54C2A00E1F80A /* CoreBluetooth.framework */,
				C4FF0DCC28D54C2200E1F80A /* CoreMIDI.framework */,
				C4FF0DCA28D54C1600E1F80A /* CoreBluetooth.framework */,
				F8D64FC725C228EA00440421 /* CoreMIDI.framework */,
			);
			name = Frameworks;
			sourceTree = "<group>";
		};
/* End PBXGroup section */

/* Begin PBXNativeTarget section */
		C4DC2CF628D4E93B003147C7 /* MIDIHero-macOS */ = {
			isa = PBXNativeTarget;
			buildConfigurationList = C4DC2D1F28D4E93E003147C7 /* Build configuration list for PBXNativeTarget "MIDIHero-macOS" */;
			buildPhases = (
				C4DC2CF328D4E93B003147C7 /* Sources */,
				C4DC2CF428D4E93B003147C7 /* Frameworks */,
				C4DC2CF528D4E93B003147C7 /* Resources */,
			);
			buildRules = (
			);
			dependencies = (
			);
			name = "MIDIHero-macOS";
			productName = "MIDIHero-macOS";
			productReference = C4DC2CF728D4E93B003147C7 /* MIDIHero-macOS.app */;
			productType = "com.apple.product-type.application";
		};
		F89DC41B25B257CD003CDF13 /* MIDIHero-Mobile */ = {
			isa = PBXNativeTarget;
			buildConfigurationList = F89DC44125B257D0003CDF13 /* Build configuration list for PBXNativeTarget "MIDIHero-Mobile" */;
			buildPhases = (
				F89DC41825B257CD003CDF13 /* Sources */,
				F89DC41925B257CD003CDF13 /* Frameworks */,
				F89DC41A25B257CD003CDF13 /* Resources */,
			);
			buildRules = (
			);
			dependencies = (
			);
			name = "MIDIHero-Mobile";
			packageProductDependencies = (
			);
			productName = MIDIHero;
			productReference = F89DC41C25B257CD003CDF13 /* MIDIHero-Mobile.app */;
			productType = "com.apple.product-type.application";
		};
/* End PBXNativeTarget section */

/* Begin PBXProject section */
		F89DC41425B257CD003CDF13 /* Project object */ = {
			isa = PBXProject;
			attributes = {
				LastSwiftUpdateCheck = 1320;
				LastUpgradeCheck = 1230;
				TargetAttributes = {
					C4DC2CF628D4E93B003147C7 = {
						CreatedOnToolsVersion = 13.2.1;
					};
					F89DC41B25B257CD003CDF13 = {
						CreatedOnToolsVersion = 12.3;
					};
				};
			};
			buildConfigurationList = F89DC41725B257CD003CDF13 /* Build configuration list for PBXProject "MIDIHero" */;
			compatibilityVersion = "Xcode 9.3";
			developmentRegion = en;
			hasScannedForEncodings = 0;
			knownRegions = (
				en,
				Base,
			);
			mainGroup = F89DC41325B257CD003CDF13;
			packageReferences = (
				F83B3E2725BF4C4700008750 /* XCRemoteSwiftPackageReference "SwiftMIDI" */,
			);
			productRefGroup = F89DC41D25B257CD003CDF13 /* Products */;
			projectDirPath = "";
			projectRoot = "";
			targets = (
				F89DC41B25B257CD003CDF13 /* MIDIHero-Mobile */,
				C4DC2CF628D4E93B003147C7 /* MIDIHero-macOS */,
			);
		};
/* End PBXProject section */

/* Begin PBXResourcesBuildPhase section */
		C4DC2CF528D4E93B003147C7 /* Resources */ = {
			isa = PBXResourcesBuildPhase;
			buildActionMask = 2147483647;
			files = (
				C4DC2D9328D533A5003147C7 /* Assets.xcassets in Resources */,
				C4DC2D0128D4E93E003147C7 /* Preview Assets.xcassets in Resources */,
				C4DC2D2828D4E9F9003147C7 /* Preview Assets.xcassets in Resources */,
			);
			runOnlyForDeploymentPostprocessing = 0;
		};
		F89DC41A25B257CD003CDF13 /* Resources */ = {
			isa = PBXResourcesBuildPhase;
			buildActionMask = 2147483647;
			files = (
				C4DC2D2C28D4ED0E003147C7 /* Assets.xcassets in Resources */,
				F89DC42725B257CF003CDF13 /* Preview Assets.xcassets in Resources */,
				C4DC2D2528D4E9F9003147C7 /* Preview Assets.xcassets in Resources */,
			);
			runOnlyForDeploymentPostprocessing = 0;
		};
/* End PBXResourcesBuildPhase section */

/* Begin PBXSourcesBuildPhase section */
		C4DC2CF328D4E93B003147C7 /* Sources */ = {
			isa = PBXSourcesBuildPhase;
			buildActionMask = 2147483647;
			files = (
				C4A7CBAF28D9055C0028F259 /* DebugView.swift in Sources */,
				C4DC2CFC28D4E93B003147C7 /* DesktopView.swift in Sources */,
				C4DC2D8228D4EFD0003147C7 /* DataModels.swift in Sources */,
				C4EDDD6928D6009B00252B1C /* MIDIManager.swift in Sources */,
				C4DC2D9228D528DB003147C7 /* StatusView.swift in Sources */,
				C4DC2CFA28D4E93B003147C7 /* MIDIHero_macOSApp.swift in Sources */,
				C4FF0DC928D5458300E1F80A /* DesktopSettingsView.swift in Sources */,
				C4DC2D9128D51320003147C7 /* ListRowView.swift in Sources */,
				C4A7CBAC28D8EB2D0028F259 /* Utils.swift in Sources */,
				C4EDDD6328D5E72F00252B1C /* SettingsManager.swift in Sources */,
				C4EDDD6628D5FEB400252B1C /* BluetoothManager.swift in Sources */,
				C4EDDD6C28D6049200252B1C /* ControllerManager.swift in Sources */,
			);
			runOnlyForDeploymentPostprocessing = 0;
		};
		F89DC41825B257CD003CDF13 /* Sources */ = {
			isa = PBXSourcesBuildPhase;
			buildActionMask = 2147483647;
			files = (
				F851F24D25C35B6400EEBEF8 /* SettingsView.swift in Sources */,
				F89DC42225B257CD003CDF13 /* StatusView.swift in Sources */,
				F851F25C25C36AB800EEBEF8 /* FormLinkView.swift in Sources */,
				C4EDDD6528D5FEB400252B1C /* BluetoothManager.swift in Sources */,
				F83B5A2325F170C300AEBCD0 /* DebugNotesView.swift in Sources */,
				C4EDDD6B28D6049200252B1C /* ControllerManager.swift in Sources */,
				F89DC42025B257CD003CDF13 /* MIDIHeroApp.swift in Sources */,
				F851F25725C3636700EEBEF8 /* ListRowView.swift in Sources */,
				F8425F3B25BB96370004BAAA /* DataModels.swift in Sources */,
				F81FC74525C786CE001C2A54 /* ControllerSettingsView.swift in Sources */,
				C4EDDD6228D5E72F00252B1C /* SettingsManager.swift in Sources */,
				F81FC74A25C78A14001C2A54 /* FormOptionView.swift in Sources */,
				F851F27325C3793800EEBEF8 /* LogView.swift in Sources */,
				C4EDDD6828D6009B00252B1C /* MIDIManager.swift in Sources */,
				F851F26625C3728B00EEBEF8 /* PatchView.swift in Sources */,
				F851F26B25C373F700EEBEF8 /* RuleView.swift in Sources */,
				C4A7CBAE28D9055C0028F259 /* DebugView.swift in Sources */,
				F81FC74025C786B3001C2A54 /* MIDISettingsView.swift in Sources */,
				C4A7CBAB28D8EB2D0028F259 /* Utils.swift in Sources */,
				F851F26125C371B400EEBEF8 /* PhoneView.swift in Sources */,
			);
			runOnlyForDeploymentPostprocessing = 0;
		};
/* End PBXSourcesBuildPhase section */

/* Begin XCBuildConfiguration section */
		C4DC2D1928D4E93E003147C7 /* Debug */ = {
			isa = XCBuildConfiguration;
			buildSettings = {
				ASSETCATALOG_COMPILER_APPICON_NAME = AppIcon;
				ASSETCATALOG_COMPILER_GLOBAL_ACCENT_COLOR_NAME = AccentColor;
				CLANG_CXX_LANGUAGE_STANDARD = "gnu++17";
				CODE_SIGN_ENTITLEMENTS = "MIDIHero-macOS/MIDIHero_macOS.entitlements";
				CODE_SIGN_STYLE = Automatic;
				COMBINE_HIDPI_IMAGES = YES;
				CURRENT_PROJECT_VERSION = 1;
				DEVELOPMENT_ASSET_PATHS = "MIDIHero-macOS/Preview\\ Content";
				DEVELOPMENT_TEAM = Z3Y3JEG555;
				ENABLE_HARDENED_RUNTIME = YES;
				ENABLE_PREVIEWS = YES;
				GENERATE_INFOPLIST_FILE = YES;
				INFOPLIST_FILE = "MIDIHero-macOS/Info.plist";
				INFOPLIST_KEY_NSHumanReadableCopyright = "";
				LD_RUNPATH_SEARCH_PATHS = (
					"$(inherited)",
					"@executable_path/../Frameworks",
				);
				MACOSX_DEPLOYMENT_TARGET = 11.6;
				MARKETING_VERSION = 1.0;
				PRODUCT_BUNDLE_IDENTIFIER = "blackfeet.MIDIHero-macOS";
				PRODUCT_NAME = "$(TARGET_NAME)";
				SDKROOT = macosx;
				SWIFT_EMIT_LOC_STRINGS = YES;
				SWIFT_VERSION = 5.0;
			};
			name = Debug;
		};
		C4DC2D1A28D4E93E003147C7 /* Release */ = {
			isa = XCBuildConfiguration;
			buildSettings = {
				ASSETCATALOG_COMPILER_APPICON_NAME = AppIcon;
				ASSETCATALOG_COMPILER_GLOBAL_ACCENT_COLOR_NAME = AccentColor;
				CLANG_CXX_LANGUAGE_STANDARD = "gnu++17";
				CODE_SIGN_ENTITLEMENTS = "MIDIHero-macOS/MIDIHero_macOS.entitlements";
				CODE_SIGN_STYLE = Automatic;
				COMBINE_HIDPI_IMAGES = YES;
				CURRENT_PROJECT_VERSION = 1;
				DEVELOPMENT_ASSET_PATHS = "MIDIHero-macOS/Preview\\ Content";
				DEVELOPMENT_TEAM = Z3Y3JEG555;
				ENABLE_HARDENED_RUNTIME = YES;
				ENABLE_PREVIEWS = YES;
				GENERATE_INFOPLIST_FILE = YES;
				INFOPLIST_FILE = "MIDIHero-macOS/Info.plist";
				INFOPLIST_KEY_NSHumanReadableCopyright = "";
				LD_RUNPATH_SEARCH_PATHS = (
					"$(inherited)",
					"@executable_path/../Frameworks",
				);
				MACOSX_DEPLOYMENT_TARGET = 11.6;
				MARKETING_VERSION = 1.0;
				PRODUCT_BUNDLE_IDENTIFIER = "blackfeet.MIDIHero-macOS";
				PRODUCT_NAME = "$(TARGET_NAME)";
				SDKROOT = macosx;
				SWIFT_EMIT_LOC_STRINGS = YES;
				SWIFT_VERSION = 5.0;
			};
			name = Release;
		};
		F89DC43F25B257D0003CDF13 /* Debug */ = {
			isa = XCBuildConfiguration;
			buildSettings = {
				ALWAYS_SEARCH_USER_PATHS = NO;
				CLANG_ANALYZER_NONNULL = YES;
				CLANG_ANALYZER_NUMBER_OBJECT_CONVERSION = YES_AGGRESSIVE;
				CLANG_CXX_LANGUAGE_STANDARD = "gnu++14";
				CLANG_CXX_LIBRARY = "libc++";
				CLANG_ENABLE_MODULES = YES;
				CLANG_ENABLE_OBJC_ARC = YES;
				CLANG_ENABLE_OBJC_WEAK = YES;
				CLANG_WARN_BLOCK_CAPTURE_AUTORELEASING = YES;
				CLANG_WARN_BOOL_CONVERSION = YES;
				CLANG_WARN_COMMA = YES;
				CLANG_WARN_CONSTANT_CONVERSION = YES;
				CLANG_WARN_DEPRECATED_OBJC_IMPLEMENTATIONS = YES;
				CLANG_WARN_DIRECT_OBJC_ISA_USAGE = YES_ERROR;
				CLANG_WARN_DOCUMENTATION_COMMENTS = YES;
				CLANG_WARN_EMPTY_BODY = YES;
				CLANG_WARN_ENUM_CONVERSION = YES;
				CLANG_WARN_INFINITE_RECURSION = YES;
				CLANG_WARN_INT_CONVERSION = YES;
				CLANG_WARN_NON_LITERAL_NULL_CONVERSION = YES;
				CLANG_WARN_OBJC_IMPLICIT_RETAIN_SELF = YES;
				CLANG_WARN_OBJC_LITERAL_CONVERSION = YES;
				CLANG_WARN_OBJC_ROOT_CLASS = YES_ERROR;
				CLANG_WARN_QUOTED_INCLUDE_IN_FRAMEWORK_HEADER = YES;
				CLANG_WARN_RANGE_LOOP_ANALYSIS = YES;
				CLANG_WARN_STRICT_PROTOTYPES = YES;
				CLANG_WARN_SUSPICIOUS_MOVE = YES;
				CLANG_WARN_UNGUARDED_AVAILABILITY = YES_AGGRESSIVE;
				CLANG_WARN_UNREACHABLE_CODE = YES;
				CLANG_WARN__DUPLICATE_METHOD_MATCH = YES;
				COPY_PHASE_STRIP = NO;
				DEBUG_INFORMATION_FORMAT = dwarf;
				ENABLE_STRICT_OBJC_MSGSEND = YES;
				ENABLE_TESTABILITY = YES;
				GCC_C_LANGUAGE_STANDARD = gnu11;
				GCC_DYNAMIC_NO_PIC = NO;
				GCC_NO_COMMON_BLOCKS = YES;
				GCC_OPTIMIZATION_LEVEL = 0;
				GCC_PREPROCESSOR_DEFINITIONS = (
					"DEBUG=1",
					"$(inherited)",
				);
				GCC_WARN_64_TO_32_BIT_CONVERSION = YES;
				GCC_WARN_ABOUT_RETURN_TYPE = YES_ERROR;
				GCC_WARN_UNDECLARED_SELECTOR = YES;
				GCC_WARN_UNINITIALIZED_AUTOS = YES_AGGRESSIVE;
				GCC_WARN_UNUSED_FUNCTION = YES;
				GCC_WARN_UNUSED_VARIABLE = YES;
				IPHONEOS_DEPLOYMENT_TARGET = 15.2;
				MACOSX_DEPLOYMENT_TARGET = 12.0;
				MTL_ENABLE_DEBUG_INFO = INCLUDE_SOURCE;
				MTL_FAST_MATH = YES;
				ONLY_ACTIVE_ARCH = YES;
				SDKROOT = iphoneos;
				SWIFT_ACTIVE_COMPILATION_CONDITIONS = DEBUG;
				SWIFT_OPTIMIZATION_LEVEL = "-Onone";
			};
			name = Debug;
		};
		F89DC44025B257D0003CDF13 /* Release */ = {
			isa = XCBuildConfiguration;
			buildSettings = {
				ALWAYS_SEARCH_USER_PATHS = NO;
				CLANG_ANALYZER_NONNULL = YES;
				CLANG_ANALYZER_NUMBER_OBJECT_CONVERSION = YES_AGGRESSIVE;
				CLANG_CXX_LANGUAGE_STANDARD = "gnu++14";
				CLANG_CXX_LIBRARY = "libc++";
				CLANG_ENABLE_MODULES = YES;
				CLANG_ENABLE_OBJC_ARC = YES;
				CLANG_ENABLE_OBJC_WEAK = YES;
				CLANG_WARN_BLOCK_CAPTURE_AUTORELEASING = YES;
				CLANG_WARN_BOOL_CONVERSION = YES;
				CLANG_WARN_COMMA = YES;
				CLANG_WARN_CONSTANT_CONVERSION = YES;
				CLANG_WARN_DEPRECATED_OBJC_IMPLEMENTATIONS = YES;
				CLANG_WARN_DIRECT_OBJC_ISA_USAGE = YES_ERROR;
				CLANG_WARN_DOCUMENTATION_COMMENTS = YES;
				CLANG_WARN_EMPTY_BODY = YES;
				CLANG_WARN_ENUM_CONVERSION = YES;
				CLANG_WARN_INFINITE_RECURSION = YES;
				CLANG_WARN_INT_CONVERSION = YES;
				CLANG_WARN_NON_LITERAL_NULL_CONVERSION = YES;
				CLANG_WARN_OBJC_IMPLICIT_RETAIN_SELF = YES;
				CLANG_WARN_OBJC_LITERAL_CONVERSION = YES;
				CLANG_WARN_OBJC_ROOT_CLASS = YES_ERROR;
				CLANG_WARN_QUOTED_INCLUDE_IN_FRAMEWORK_HEADER = YES;
				CLANG_WARN_RANGE_LOOP_ANALYSIS = YES;
				CLANG_WARN_STRICT_PROTOTYPES = YES;
				CLANG_WARN_SUSPICIOUS_MOVE = YES;
				CLANG_WARN_UNGUARDED_AVAILABILITY = YES_AGGRESSIVE;
				CLANG_WARN_UNREACHABLE_CODE = YES;
				CLANG_WARN__DUPLICATE_METHOD_MATCH = YES;
				COPY_PHASE_STRIP = NO;
				DEBUG_INFORMATION_FORMAT = "dwarf-with-dsym";
				ENABLE_NS_ASSERTIONS = NO;
				ENABLE_STRICT_OBJC_MSGSEND = YES;
				GCC_C_LANGUAGE_STANDARD = gnu11;
				GCC_NO_COMMON_BLOCKS = YES;
				GCC_WARN_64_TO_32_BIT_CONVERSION = YES;
				GCC_WARN_ABOUT_RETURN_TYPE = YES_ERROR;
				GCC_WARN_UNDECLARED_SELECTOR = YES;
				GCC_WARN_UNINITIALIZED_AUTOS = YES_AGGRESSIVE;
				GCC_WARN_UNUSED_FUNCTION = YES;
				GCC_WARN_UNUSED_VARIABLE = YES;
				IPHONEOS_DEPLOYMENT_TARGET = 15.2;
				MACOSX_DEPLOYMENT_TARGET = 12.0;
				MTL_ENABLE_DEBUG_INFO = NO;
				MTL_FAST_MATH = YES;
				SDKROOT = iphoneos;
				SWIFT_COMPILATION_MODE = wholemodule;
				SWIFT_OPTIMIZATION_LEVEL = "-O";
				VALIDATE_PRODUCT = YES;
			};
			name = Release;
		};
		F89DC44225B257D0003CDF13 /* Debug */ = {
			isa = XCBuildConfiguration;
			buildSettings = {
				ASSETCATALOG_COMPILER_APPICON_NAME = AppIcon;
				ASSETCATALOG_COMPILER_GLOBAL_ACCENT_COLOR_NAME = AccentColor;
				ASSETCATALOG_COMPILER_INCLUDE_ALL_APPICON_ASSETS = YES;
				CODE_SIGN_STYLE = Automatic;
				DEVELOPMENT_ASSET_PATHS = "\"MIDIHero-Mobile/Preview Content\"";
				DEVELOPMENT_TEAM = Z3Y3JEG555;
				ENABLE_PREVIEWS = YES;
				INFOPLIST_FILE = "MIDIHero-Mobile/Info.plist";
				IPHONEOS_DEPLOYMENT_TARGET = 14.0;
				LD_RUNPATH_SEARCH_PATHS = (
					"$(inherited)",
					"@executable_path/Frameworks",
				);
				PRODUCT_BUNDLE_IDENTIFIER = com.blackfeet.MIDIHero;
				PRODUCT_NAME = "$(TARGET_NAME)";
				SWIFT_VERSION = 5.0;
				TARGETED_DEVICE_FAMILY = "1,2";
			};
			name = Debug;
		};
		F89DC44325B257D0003CDF13 /* Release */ = {
			isa = XCBuildConfiguration;
			buildSettings = {
				ASSETCATALOG_COMPILER_APPICON_NAME = AppIcon;
				ASSETCATALOG_COMPILER_GLOBAL_ACCENT_COLOR_NAME = AccentColor;
				ASSETCATALOG_COMPILER_INCLUDE_ALL_APPICON_ASSETS = YES;
				CODE_SIGN_STYLE = Automatic;
				DEVELOPMENT_ASSET_PATHS = "\"MIDIHero-Mobile/Preview Content\"";
				DEVELOPMENT_TEAM = Z3Y3JEG555;
				ENABLE_PREVIEWS = YES;
				INFOPLIST_FILE = "MIDIHero-Mobile/Info.plist";
				IPHONEOS_DEPLOYMENT_TARGET = 14.0;
				LD_RUNPATH_SEARCH_PATHS = (
					"$(inherited)",
					"@executable_path/Frameworks",
				);
				PRODUCT_BUNDLE_IDENTIFIER = com.blackfeet.MIDIHero;
				PRODUCT_NAME = "$(TARGET_NAME)";
				SWIFT_VERSION = 5.0;
				TARGETED_DEVICE_FAMILY = "1,2";
			};
			name = Release;
		};
/* End XCBuildConfiguration section */

/* Begin XCConfigurationList section */
		C4DC2D1F28D4E93E003147C7 /* Build configuration list for PBXNativeTarget "MIDIHero-macOS" */ = {
			isa = XCConfigurationList;
			buildConfigurations = (
				C4DC2D1928D4E93E003147C7 /* Debug */,
				C4DC2D1A28D4E93E003147C7 /* Release */,
			);
			defaultConfigurationIsVisible = 0;
			defaultConfigurationName = Release;
		};
		F89DC41725B257CD003CDF13 /* Build configuration list for PBXProject "MIDIHero" */ = {
			isa = XCConfigurationList;
			buildConfigurations = (
				F89DC43F25B257D0003CDF13 /* Debug */,
				F89DC44025B257D0003CDF13 /* Release */,
			);
			defaultConfigurationIsVisible = 0;
			defaultConfigurationName = Release;
		};
		F89DC44125B257D0003CDF13 /* Build configuration list for PBXNativeTarget "MIDIHero-Mobile" */ = {
			isa = XCConfigurationList;
			buildConfigurations = (
				F89DC44225B257D0003CDF13 /* Debug */,
				F89DC44325B257D0003CDF13 /* Release */,
			);
			defaultConfigurationIsVisible = 0;
			defaultConfigurationName = Release;
		};
/* End XCConfigurationList section */

/* Begin XCRemoteSwiftPackageReference section */
		F83B3E2725BF4C4700008750 /* XCRemoteSwiftPackageReference "SwiftMIDI" */ = {
			isa = XCRemoteSwiftPackageReference;
			repositoryURL = "https://github.com/moosefactory/SwiftMIDI.git";
			requirement = {
				kind = upToNextMajorVersion;
				minimumVersion = 1.0.0;
			};
		};
/* End XCRemoteSwiftPackageReference section */
	};
	rootObject = F89DC41425B257CD003CDF13 /* Project object */;
}
