// !$*UTF8*$!
{
	archiveVersion = 1;
	classes = {
	};
	objectVersion = 52;
	objects = {

/* Begin PBXBuildFile section */
		F81FC74025C786B3001C2A54 /* MIDISettingsView.swift in Sources */ = {isa = PBXBuildFile; fileRef = F81FC73F25C786B3001C2A54 /* MIDISettingsView.swift */; };
		F81FC74525C786CE001C2A54 /* ControllerSettingsView.swift in Sources */ = {isa = PBXBuildFile; fileRef = F81FC74425C786CE001C2A54 /* ControllerSettingsView.swift */; };
		F81FC74A25C78A14001C2A54 /* FormOptionView.swift in Sources */ = {isa = PBXBuildFile; fileRef = F81FC74925C78A14001C2A54 /* FormOptionView.swift */; };
		F83B3E2925BF4C4700008750 /* SwiftMIDI in Frameworks */ = {isa = PBXBuildFile; productRef = F83B3E2825BF4C4700008750 /* SwiftMIDI */; };
		F83B5A2325F170C300AEBCD0 /* DebugNotesView.swift in Sources */ = {isa = PBXBuildFile; fileRef = F83B5A2225F170C300AEBCD0 /* DebugNotesView.swift */; };
		F8425F3B25BB96370004BAAA /* DataModels.swift in Sources */ = {isa = PBXBuildFile; fileRef = F8425F3A25BB96370004BAAA /* DataModels.swift */; };
		F8425F4025BBBA250004BAAA /* Rule.swift in Sources */ = {isa = PBXBuildFile; fileRef = F8425F3F25BBBA250004BAAA /* Rule.swift */; };
		F851F24D25C35B6400EEBEF8 /* SettingsView.swift in Sources */ = {isa = PBXBuildFile; fileRef = F851F24C25C35B6400EEBEF8 /* SettingsView.swift */; };
		F851F25725C3636700EEBEF8 /* FormRowView.swift in Sources */ = {isa = PBXBuildFile; fileRef = F851F25625C3636700EEBEF8 /* FormRowView.swift */; };
		F851F25C25C36AB800EEBEF8 /* FormLinkView.swift in Sources */ = {isa = PBXBuildFile; fileRef = F851F25B25C36AB800EEBEF8 /* FormLinkView.swift */; };
		F851F26125C371B400EEBEF8 /* MIDIHeroView.swift in Sources */ = {isa = PBXBuildFile; fileRef = F851F26025C371B400EEBEF8 /* MIDIHeroView.swift */; };
		F851F26625C3728B00EEBEF8 /* PatchView.swift in Sources */ = {isa = PBXBuildFile; fileRef = F851F26525C3728B00EEBEF8 /* PatchView.swift */; };
		F851F26B25C373F700EEBEF8 /* RuleView.swift in Sources */ = {isa = PBXBuildFile; fileRef = F851F26A25C373F700EEBEF8 /* RuleView.swift */; };
		F851F27325C3793800EEBEF8 /* LogView.swift in Sources */ = {isa = PBXBuildFile; fileRef = F851F27225C3793800EEBEF8 /* LogView.swift */; };
		F89DC42025B257CD003CDF13 /* MIDIHeroApp.swift in Sources */ = {isa = PBXBuildFile; fileRef = F89DC41F25B257CD003CDF13 /* MIDIHeroApp.swift */; };
		F89DC42225B257CD003CDF13 /* StatusView.swift in Sources */ = {isa = PBXBuildFile; fileRef = F89DC42125B257CD003CDF13 /* StatusView.swift */; };
		F89DC42425B257CF003CDF13 /* Assets.xcassets in Resources */ = {isa = PBXBuildFile; fileRef = F89DC42325B257CF003CDF13 /* Assets.xcassets */; };
		F89DC42725B257CF003CDF13 /* Preview Assets.xcassets in Resources */ = {isa = PBXBuildFile; fileRef = F89DC42625B257CF003CDF13 /* Preview Assets.xcassets */; };
		F89DC43225B257D0003CDF13 /* MIDIHeroTests.swift in Sources */ = {isa = PBXBuildFile; fileRef = F89DC43125B257D0003CDF13 /* MIDIHeroTests.swift */; };
		F89DC43D25B257D0003CDF13 /* MIDIHeroUITests.swift in Sources */ = {isa = PBXBuildFile; fileRef = F89DC43C25B257D0003CDF13 /* MIDIHeroUITests.swift */; };
		F8D1120E25C89EBF00465792 /* MDInterface.swift in Sources */ = {isa = PBXBuildFile; fileRef = F8D1120D25C89EBF00465792 /* MDInterface.swift */; };
		F8D64FC825C228EA00440421 /* CoreMIDI.framework in Frameworks */ = {isa = PBXBuildFile; fileRef = F8D64FC725C228EA00440421 /* CoreMIDI.framework */; };
		F8E9881C25B505D60020230C /* MIDIHeroModel.swift in Sources */ = {isa = PBXBuildFile; fileRef = F8E9881B25B505D60020230C /* MIDIHeroModel.swift */; };
/* End PBXBuildFile section */

/* Begin PBXContainerItemProxy section */
		F89DC42E25B257D0003CDF13 /* PBXContainerItemProxy */ = {
			isa = PBXContainerItemProxy;
			containerPortal = F89DC41425B257CD003CDF13 /* Project object */;
			proxyType = 1;
			remoteGlobalIDString = F89DC41B25B257CD003CDF13;
			remoteInfo = MIDIHero;
		};
		F89DC43925B257D0003CDF13 /* PBXContainerItemProxy */ = {
			isa = PBXContainerItemProxy;
			containerPortal = F89DC41425B257CD003CDF13 /* Project object */;
			proxyType = 1;
			remoteGlobalIDString = F89DC41B25B257CD003CDF13;
			remoteInfo = MIDIHero;
		};
/* End PBXContainerItemProxy section */

/* Begin PBXFileReference section */
		F81FC73F25C786B3001C2A54 /* MIDISettingsView.swift */ = {isa = PBXFileReference; lastKnownFileType = sourcecode.swift; path = MIDISettingsView.swift; sourceTree = "<group>"; };
		F81FC74425C786CE001C2A54 /* ControllerSettingsView.swift */ = {isa = PBXFileReference; lastKnownFileType = sourcecode.swift; path = ControllerSettingsView.swift; sourceTree = "<group>"; };
		F81FC74925C78A14001C2A54 /* FormOptionView.swift */ = {isa = PBXFileReference; lastKnownFileType = sourcecode.swift; path = FormOptionView.swift; sourceTree = "<group>"; };
		F83B5A2225F170C300AEBCD0 /* DebugNotesView.swift */ = {isa = PBXFileReference; lastKnownFileType = sourcecode.swift; path = DebugNotesView.swift; sourceTree = "<group>"; };
		F8425F3A25BB96370004BAAA /* DataModels.swift */ = {isa = PBXFileReference; lastKnownFileType = sourcecode.swift; path = DataModels.swift; sourceTree = "<group>"; };
		F8425F3F25BBBA250004BAAA /* Rule.swift */ = {isa = PBXFileReference; lastKnownFileType = sourcecode.swift; path = Rule.swift; sourceTree = "<group>"; };
		F851F24C25C35B6400EEBEF8 /* SettingsView.swift */ = {isa = PBXFileReference; lastKnownFileType = sourcecode.swift; path = SettingsView.swift; sourceTree = "<group>"; };
		F851F25625C3636700EEBEF8 /* FormRowView.swift */ = {isa = PBXFileReference; lastKnownFileType = sourcecode.swift; path = FormRowView.swift; sourceTree = "<group>"; };
		F851F25B25C36AB800EEBEF8 /* FormLinkView.swift */ = {isa = PBXFileReference; lastKnownFileType = sourcecode.swift; path = FormLinkView.swift; sourceTree = "<group>"; };
		F851F26025C371B400EEBEF8 /* MIDIHeroView.swift */ = {isa = PBXFileReference; lastKnownFileType = sourcecode.swift; path = MIDIHeroView.swift; sourceTree = "<group>"; };
		F851F26525C3728B00EEBEF8 /* PatchView.swift */ = {isa = PBXFileReference; lastKnownFileType = sourcecode.swift; path = PatchView.swift; sourceTree = "<group>"; };
		F851F26A25C373F700EEBEF8 /* RuleView.swift */ = {isa = PBXFileReference; lastKnownFileType = sourcecode.swift; path = RuleView.swift; sourceTree = "<group>"; };
		F851F27225C3793800EEBEF8 /* LogView.swift */ = {isa = PBXFileReference; lastKnownFileType = sourcecode.swift; path = LogView.swift; sourceTree = "<group>"; };
		F89DC41C25B257CD003CDF13 /* MIDIHero.app */ = {isa = PBXFileReference; explicitFileType = wrapper.application; includeInIndex = 0; path = MIDIHero.app; sourceTree = BUILT_PRODUCTS_DIR; };
		F89DC41F25B257CD003CDF13 /* MIDIHeroApp.swift */ = {isa = PBXFileReference; lastKnownFileType = sourcecode.swift; path = MIDIHeroApp.swift; sourceTree = "<group>"; };
		F89DC42125B257CD003CDF13 /* StatusView.swift */ = {isa = PBXFileReference; lastKnownFileType = sourcecode.swift; path = StatusView.swift; sourceTree = "<group>"; };
		F89DC42325B257CF003CDF13 /* Assets.xcassets */ = {isa = PBXFileReference; lastKnownFileType = folder.assetcatalog; path = Assets.xcassets; sourceTree = "<group>"; };
		F89DC42625B257CF003CDF13 /* Preview Assets.xcassets */ = {isa = PBXFileReference; lastKnownFileType = folder.assetcatalog; path = "Preview Assets.xcassets"; sourceTree = "<group>"; };
		F89DC42825B257CF003CDF13 /* Info.plist */ = {isa = PBXFileReference; lastKnownFileType = text.plist.xml; path = Info.plist; sourceTree = "<group>"; };
		F89DC42D25B257D0003CDF13 /* MIDIHeroTests.xctest */ = {isa = PBXFileReference; explicitFileType = wrapper.cfbundle; includeInIndex = 0; path = MIDIHeroTests.xctest; sourceTree = BUILT_PRODUCTS_DIR; };
		F89DC43125B257D0003CDF13 /* MIDIHeroTests.swift */ = {isa = PBXFileReference; lastKnownFileType = sourcecode.swift; path = MIDIHeroTests.swift; sourceTree = "<group>"; };
		F89DC43325B257D0003CDF13 /* Info.plist */ = {isa = PBXFileReference; lastKnownFileType = text.plist.xml; path = Info.plist; sourceTree = "<group>"; };
		F89DC43825B257D0003CDF13 /* MIDIHeroUITests.xctest */ = {isa = PBXFileReference; explicitFileType = wrapper.cfbundle; includeInIndex = 0; path = MIDIHeroUITests.xctest; sourceTree = BUILT_PRODUCTS_DIR; };
		F89DC43C25B257D0003CDF13 /* MIDIHeroUITests.swift */ = {isa = PBXFileReference; lastKnownFileType = sourcecode.swift; path = MIDIHeroUITests.swift; sourceTree = "<group>"; };
		F89DC43E25B257D0003CDF13 /* Info.plist */ = {isa = PBXFileReference; lastKnownFileType = text.plist.xml; path = Info.plist; sourceTree = "<group>"; };
		F8D1120D25C89EBF00465792 /* MDInterface.swift */ = {isa = PBXFileReference; lastKnownFileType = sourcecode.swift; path = MDInterface.swift; sourceTree = "<group>"; };
		F8D64FC725C228EA00440421 /* CoreMIDI.framework */ = {isa = PBXFileReference; lastKnownFileType = wrapper.framework; name = CoreMIDI.framework; path = System/Library/Frameworks/CoreMIDI.framework; sourceTree = SDKROOT; };
		F8E9881B25B505D60020230C /* MIDIHeroModel.swift */ = {isa = PBXFileReference; lastKnownFileType = sourcecode.swift; path = MIDIHeroModel.swift; sourceTree = "<group>"; };
/* End PBXFileReference section */

/* Begin PBXFrameworksBuildPhase section */
		F89DC41925B257CD003CDF13 /* Frameworks */ = {
			isa = PBXFrameworksBuildPhase;
			buildActionMask = 2147483647;
			files = (
				F8D64FC825C228EA00440421 /* CoreMIDI.framework in Frameworks */,
				F83B3E2925BF4C4700008750 /* SwiftMIDI in Frameworks */,
			);
			runOnlyForDeploymentPostprocessing = 0;
		};
		F89DC42A25B257D0003CDF13 /* Frameworks */ = {
			isa = PBXFrameworksBuildPhase;
			buildActionMask = 2147483647;
			files = (
			);
			runOnlyForDeploymentPostprocessing = 0;
		};
		F89DC43525B257D0003CDF13 /* Frameworks */ = {
			isa = PBXFrameworksBuildPhase;
			buildActionMask = 2147483647;
			files = (
			);
			runOnlyForDeploymentPostprocessing = 0;
		};
/* End PBXFrameworksBuildPhase section */

/* Begin PBXGroup section */
		F851F25225C3634D00EEBEF8 /* View */ = {
			isa = PBXGroup;
			children = (
				F89DC42125B257CD003CDF13 /* StatusView.swift */,
				F851F24C25C35B6400EEBEF8 /* SettingsView.swift */,
				F851F25625C3636700EEBEF8 /* FormRowView.swift */,
				F851F25B25C36AB800EEBEF8 /* FormLinkView.swift */,
				F851F26025C371B400EEBEF8 /* MIDIHeroView.swift */,
				F851F26525C3728B00EEBEF8 /* PatchView.swift */,
				F851F26A25C373F700EEBEF8 /* RuleView.swift */,
				F851F27225C3793800EEBEF8 /* LogView.swift */,
				F81FC73F25C786B3001C2A54 /* MIDISettingsView.swift */,
				F81FC74425C786CE001C2A54 /* ControllerSettingsView.swift */,
				F81FC74925C78A14001C2A54 /* FormOptionView.swift */,
				F83B5A2225F170C300AEBCD0 /* DebugNotesView.swift */,
			);
			path = View;
			sourceTree = "<group>";
		};
		F89DC41325B257CD003CDF13 = {
			isa = PBXGroup;
			children = (
				F89DC41E25B257CD003CDF13 /* MIDIHero */,
				F89DC43025B257D0003CDF13 /* MIDIHeroTests */,
				F89DC43B25B257D0003CDF13 /* MIDIHeroUITests */,
				F89DC41D25B257CD003CDF13 /* Products */,
				F8D64FC625C228E900440421 /* Frameworks */,
			);
			sourceTree = "<group>";
		};
		F89DC41D25B257CD003CDF13 /* Products */ = {
			isa = PBXGroup;
			children = (
				F89DC41C25B257CD003CDF13 /* MIDIHero.app */,
				F89DC42D25B257D0003CDF13 /* MIDIHeroTests.xctest */,
				F89DC43825B257D0003CDF13 /* MIDIHeroUITests.xctest */,
			);
			name = Products;
			sourceTree = "<group>";
		};
		F89DC41E25B257CD003CDF13 /* MIDIHero */ = {
			isa = PBXGroup;
			children = (
				F89DC41F25B257CD003CDF13 /* MIDIHeroApp.swift */,
				F851F25225C3634D00EEBEF8 /* View */,
				F89DC42325B257CF003CDF13 /* Assets.xcassets */,
				F89DC42825B257CF003CDF13 /* Info.plist */,
				F8E9881B25B505D60020230C /* MIDIHeroModel.swift */,
				F8425F3A25BB96370004BAAA /* DataModels.swift */,
				F8425F3F25BBBA250004BAAA /* Rule.swift */,
				F8D1120D25C89EBF00465792 /* MDInterface.swift */,
				F89DC42525B257CF003CDF13 /* Preview Content */,
			);
			path = MIDIHero;
			sourceTree = "<group>";
		};
		F89DC42525B257CF003CDF13 /* Preview Content */ = {
			isa = PBXGroup;
			children = (
				F89DC42625B257CF003CDF13 /* Preview Assets.xcassets */,
			);
			path = "Preview Content";
			sourceTree = "<group>";
		};
		F89DC43025B257D0003CDF13 /* MIDIHeroTests */ = {
			isa = PBXGroup;
			children = (
				F89DC43125B257D0003CDF13 /* MIDIHeroTests.swift */,
				F89DC43325B257D0003CDF13 /* Info.plist */,
			);
			path = MIDIHeroTests;
			sourceTree = "<group>";
		};
		F89DC43B25B257D0003CDF13 /* MIDIHeroUITests */ = {
			isa = PBXGroup;
			children = (
				F89DC43C25B257D0003CDF13 /* MIDIHeroUITests.swift */,
				F89DC43E25B257D0003CDF13 /* Info.plist */,
			);
			path = MIDIHeroUITests;
			sourceTree = "<group>";
		};
		F8D64FC625C228E900440421 /* Frameworks */ = {
			isa = PBXGroup;
			children = (
				F8D64FC725C228EA00440421 /* CoreMIDI.framework */,
			);
			name = Frameworks;
			sourceTree = "<group>";
		};
/* End PBXGroup section */

/* Begin PBXNativeTarget section */
		F89DC41B25B257CD003CDF13 /* MIDIHero */ = {
			isa = PBXNativeTarget;
			buildConfigurationList = F89DC44125B257D0003CDF13 /* Build configuration list for PBXNativeTarget "MIDIHero" */;
			buildPhases = (
				F89DC41825B257CD003CDF13 /* Sources */,
				F89DC41925B257CD003CDF13 /* Frameworks */,
				F89DC41A25B257CD003CDF13 /* Resources */,
			);
			buildRules = (
			);
			dependencies = (
			);
			name = MIDIHero;
			packageProductDependencies = (
				F83B3E2825BF4C4700008750 /* SwiftMIDI */,
			);
			productName = MIDIHero;
			productReference = F89DC41C25B257CD003CDF13 /* MIDIHero.app */;
			productType = "com.apple.product-type.application";
		};
		F89DC42C25B257D0003CDF13 /* MIDIHeroTests */ = {
			isa = PBXNativeTarget;
			buildConfigurationList = F89DC44425B257D0003CDF13 /* Build configuration list for PBXNativeTarget "MIDIHeroTests" */;
			buildPhases = (
				F89DC42925B257D0003CDF13 /* Sources */,
				F89DC42A25B257D0003CDF13 /* Frameworks */,
				F89DC42B25B257D0003CDF13 /* Resources */,
			);
			buildRules = (
			);
			dependencies = (
				F89DC42F25B257D0003CDF13 /* PBXTargetDependency */,
			);
			name = MIDIHeroTests;
			productName = MIDIHeroTests;
			productReference = F89DC42D25B257D0003CDF13 /* MIDIHeroTests.xctest */;
			productType = "com.apple.product-type.bundle.unit-test";
		};
		F89DC43725B257D0003CDF13 /* MIDIHeroUITests */ = {
			isa = PBXNativeTarget;
			buildConfigurationList = F89DC44725B257D0003CDF13 /* Build configuration list for PBXNativeTarget "MIDIHeroUITests" */;
			buildPhases = (
				F89DC43425B257D0003CDF13 /* Sources */,
				F89DC43525B257D0003CDF13 /* Frameworks */,
				F89DC43625B257D0003CDF13 /* Resources */,
			);
			buildRules = (
			);
			dependencies = (
				F89DC43A25B257D0003CDF13 /* PBXTargetDependency */,
			);
			name = MIDIHeroUITests;
			productName = MIDIHeroUITests;
			productReference = F89DC43825B257D0003CDF13 /* MIDIHeroUITests.xctest */;
			productType = "com.apple.product-type.bundle.ui-testing";
		};
/* End PBXNativeTarget section */

/* Begin PBXProject section */
		F89DC41425B257CD003CDF13 /* Project object */ = {
			isa = PBXProject;
			attributes = {
				LastSwiftUpdateCheck = 1230;
				LastUpgradeCheck = 1230;
				TargetAttributes = {
					F89DC41B25B257CD003CDF13 = {
						CreatedOnToolsVersion = 12.3;
					};
					F89DC42C25B257D0003CDF13 = {
						CreatedOnToolsVersion = 12.3;
						TestTargetID = F89DC41B25B257CD003CDF13;
					};
					F89DC43725B257D0003CDF13 = {
						CreatedOnToolsVersion = 12.3;
						TestTargetID = F89DC41B25B257CD003CDF13;
					};
				};
			};
			buildConfigurationList = F89DC41725B257CD003CDF13 /* Build configuration list for PBXProject "MIDIHero" */;
			compatibilityVersion = "Xcode 9.3";
			developmentRegion = en;
			hasScannedForEncodings = 0;
			knownRegions = (
				en,
				Base,
			);
			mainGroup = F89DC41325B257CD003CDF13;
			packageReferences = (
				F83B3E2725BF4C4700008750 /* XCRemoteSwiftPackageReference "SwiftMIDI" */,
			);
			productRefGroup = F89DC41D25B257CD003CDF13 /* Products */;
			projectDirPath = "";
			projectRoot = "";
			targets = (
				F89DC41B25B257CD003CDF13 /* MIDIHero */,
				F89DC42C25B257D0003CDF13 /* MIDIHeroTests */,
				F89DC43725B257D0003CDF13 /* MIDIHeroUITests */,
			);
		};
/* End PBXProject section */

/* Begin PBXResourcesBuildPhase section */
		F89DC41A25B257CD003CDF13 /* Resources */ = {
			isa = PBXResourcesBuildPhase;
			buildActionMask = 2147483647;
			files = (
				F89DC42725B257CF003CDF13 /* Preview Assets.xcassets in Resources */,
				F89DC42425B257CF003CDF13 /* Assets.xcassets in Resources */,
			);
			runOnlyForDeploymentPostprocessing = 0;
		};
		F89DC42B25B257D0003CDF13 /* Resources */ = {
			isa = PBXResourcesBuildPhase;
			buildActionMask = 2147483647;
			files = (
			);
			runOnlyForDeploymentPostprocessing = 0;
		};
		F89DC43625B257D0003CDF13 /* Resources */ = {
			isa = PBXResourcesBuildPhase;
			buildActionMask = 2147483647;
			files = (
			);
			runOnlyForDeploymentPostprocessing = 0;
		};
/* End PBXResourcesBuildPhase section */

/* Begin PBXSourcesBuildPhase section */
		F89DC41825B257CD003CDF13 /* Sources */ = {
			isa = PBXSourcesBuildPhase;
			buildActionMask = 2147483647;
			files = (
				F851F24D25C35B6400EEBEF8 /* SettingsView.swift in Sources */,
				F89DC42225B257CD003CDF13 /* StatusView.swift in Sources */,
				F851F25C25C36AB800EEBEF8 /* FormLinkView.swift in Sources */,
				F83B5A2325F170C300AEBCD0 /* DebugNotesView.swift in Sources */,
				F89DC42025B257CD003CDF13 /* MIDIHeroApp.swift in Sources */,
				F851F25725C3636700EEBEF8 /* FormRowView.swift in Sources */,
				F8425F3B25BB96370004BAAA /* DataModels.swift in Sources */,
				F81FC74525C786CE001C2A54 /* ControllerSettingsView.swift in Sources */,
				F81FC74A25C78A14001C2A54 /* FormOptionView.swift in Sources */,
				F8425F4025BBBA250004BAAA /* Rule.swift in Sources */,
				F8D1120E25C89EBF00465792 /* MDInterface.swift in Sources */,
				F851F27325C3793800EEBEF8 /* LogView.swift in Sources */,
				F851F26625C3728B00EEBEF8 /* PatchView.swift in Sources */,
				F851F26B25C373F700EEBEF8 /* RuleView.swift in Sources */,
				F81FC74025C786B3001C2A54 /* MIDISettingsView.swift in Sources */,
				F851F26125C371B400EEBEF8 /* MIDIHeroView.swift in Sources */,
				F8E9881C25B505D60020230C /* MIDIHeroModel.swift in Sources */,
			);
			runOnlyForDeploymentPostprocessing = 0;
		};
		F89DC42925B257D0003CDF13 /* Sources */ = {
			isa = PBXSourcesBuildPhase;
			buildActionMask = 2147483647;
			files = (
				F89DC43225B257D0003CDF13 /* MIDIHeroTests.swift in Sources */,
			);
			runOnlyForDeploymentPostprocessing = 0;
		};
		F89DC43425B257D0003CDF13 /* Sources */ = {
			isa = PBXSourcesBuildPhase;
			buildActionMask = 2147483647;
			files = (
				F89DC43D25B257D0003CDF13 /* MIDIHeroUITests.swift in Sources */,
			);
			runOnlyForDeploymentPostprocessing = 0;
		};
/* End PBXSourcesBuildPhase section */

/* Begin PBXTargetDependency section */
		F89DC42F25B257D0003CDF13 /* PBXTargetDependency */ = {
			isa = PBXTargetDependency;
			target = F89DC41B25B257CD003CDF13 /* MIDIHero */;
			targetProxy = F89DC42E25B257D0003CDF13 /* PBXContainerItemProxy */;
		};
		F89DC43A25B257D0003CDF13 /* PBXTargetDependency */ = {
			isa = PBXTargetDependency;
			target = F89DC41B25B257CD003CDF13 /* MIDIHero */;
			targetProxy = F89DC43925B257D0003CDF13 /* PBXContainerItemProxy */;
		};
/* End PBXTargetDependency section */

/* Begin XCBuildConfiguration section */
		F89DC43F25B257D0003CDF13 /* Debug */ = {
			isa = XCBuildConfiguration;
			buildSettings = {
				ALWAYS_SEARCH_USER_PATHS = NO;
				CLANG_ANALYZER_NONNULL = YES;
				CLANG_ANALYZER_NUMBER_OBJECT_CONVERSION = YES_AGGRESSIVE;
				CLANG_CXX_LANGUAGE_STANDARD = "gnu++14";
				CLANG_CXX_LIBRARY = "libc++";
				CLANG_ENABLE_MODULES = YES;
				CLANG_ENABLE_OBJC_ARC = YES;
				CLANG_ENABLE_OBJC_WEAK = YES;
				CLANG_WARN_BLOCK_CAPTURE_AUTORELEASING = YES;
				CLANG_WARN_BOOL_CONVERSION = YES;
				CLANG_WARN_COMMA = YES;
				CLANG_WARN_CONSTANT_CONVERSION = YES;
				CLANG_WARN_DEPRECATED_OBJC_IMPLEMENTATIONS = YES;
				CLANG_WARN_DIRECT_OBJC_ISA_USAGE = YES_ERROR;
				CLANG_WARN_DOCUMENTATION_COMMENTS = YES;
				CLANG_WARN_EMPTY_BODY = YES;
				CLANG_WARN_ENUM_CONVERSION = YES;
				CLANG_WARN_INFINITE_RECURSION = YES;
				CLANG_WARN_INT_CONVERSION = YES;
				CLANG_WARN_NON_LITERAL_NULL_CONVERSION = YES;
				CLANG_WARN_OBJC_IMPLICIT_RETAIN_SELF = YES;
				CLANG_WARN_OBJC_LITERAL_CONVERSION = YES;
				CLANG_WARN_OBJC_ROOT_CLASS = YES_ERROR;
				CLANG_WARN_QUOTED_INCLUDE_IN_FRAMEWORK_HEADER = YES;
				CLANG_WARN_RANGE_LOOP_ANALYSIS = YES;
				CLANG_WARN_STRICT_PROTOTYPES = YES;
				CLANG_WARN_SUSPICIOUS_MOVE = YES;
				CLANG_WARN_UNGUARDED_AVAILABILITY = YES_AGGRESSIVE;
				CLANG_WARN_UNREACHABLE_CODE = YES;
				CLANG_WARN__DUPLICATE_METHOD_MATCH = YES;
				COPY_PHASE_STRIP = NO;
				DEBUG_INFORMATION_FORMAT = dwarf;
				ENABLE_STRICT_OBJC_MSGSEND = YES;
				ENABLE_TESTABILITY = YES;
				GCC_C_LANGUAGE_STANDARD = gnu11;
				GCC_DYNAMIC_NO_PIC = NO;
				GCC_NO_COMMON_BLOCKS = YES;
				GCC_OPTIMIZATION_LEVEL = 0;
				GCC_PREPROCESSOR_DEFINITIONS = (
					"DEBUG=1",
					"$(inherited)",
				);
				GCC_WARN_64_TO_32_BIT_CONVERSION = YES;
				GCC_WARN_ABOUT_RETURN_TYPE = YES_ERROR;
				GCC_WARN_UNDECLARED_SELECTOR = YES;
				GCC_WARN_UNINITIALIZED_AUTOS = YES_AGGRESSIVE;
				GCC_WARN_UNUSED_FUNCTION = YES;
				GCC_WARN_UNUSED_VARIABLE = YES;
				IPHONEOS_DEPLOYMENT_TARGET = 14.3;
				MTL_ENABLE_DEBUG_INFO = INCLUDE_SOURCE;
				MTL_FAST_MATH = YES;
				ONLY_ACTIVE_ARCH = YES;
				SDKROOT = iphoneos;
				SWIFT_ACTIVE_COMPILATION_CONDITIONS = DEBUG;
				SWIFT_OPTIMIZATION_LEVEL = "-Onone";
			};
			name = Debug;
		};
		F89DC44025B257D0003CDF13 /* Release */ = {
			isa = XCBuildConfiguration;
			buildSettings = {
				ALWAYS_SEARCH_USER_PATHS = NO;
				CLANG_ANALYZER_NONNULL = YES;
				CLANG_ANALYZER_NUMBER_OBJECT_CONVERSION = YES_AGGRESSIVE;
				CLANG_CXX_LANGUAGE_STANDARD = "gnu++14";
				CLANG_CXX_LIBRARY = "libc++";
				CLANG_ENABLE_MODULES = YES;
				CLANG_ENABLE_OBJC_ARC = YES;
				CLANG_ENABLE_OBJC_WEAK = YES;
				CLANG_WARN_BLOCK_CAPTURE_AUTORELEASING = YES;
				CLANG_WARN_BOOL_CONVERSION = YES;
				CLANG_WARN_COMMA = YES;
				CLANG_WARN_CONSTANT_CONVERSION = YES;
				CLANG_WARN_DEPRECATED_OBJC_IMPLEMENTATIONS = YES;
				CLANG_WARN_DIRECT_OBJC_ISA_USAGE = YES_ERROR;
				CLANG_WARN_DOCUMENTATION_COMMENTS = YES;
				CLANG_WARN_EMPTY_BODY = YES;
				CLANG_WARN_ENUM_CONVERSION = YES;
				CLANG_WARN_INFINITE_RECURSION = YES;
				CLANG_WARN_INT_CONVERSION = YES;
				CLANG_WARN_NON_LITERAL_NULL_CONVERSION = YES;
				CLANG_WARN_OBJC_IMPLICIT_RETAIN_SELF = YES;
				CLANG_WARN_OBJC_LITERAL_CONVERSION = YES;
				CLANG_WARN_OBJC_ROOT_CLASS = YES_ERROR;
				CLANG_WARN_QUOTED_INCLUDE_IN_FRAMEWORK_HEADER = YES;
				CLANG_WARN_RANGE_LOOP_ANALYSIS = YES;
				CLANG_WARN_STRICT_PROTOTYPES = YES;
				CLANG_WARN_SUSPICIOUS_MOVE = YES;
				CLANG_WARN_UNGUARDED_AVAILABILITY = YES_AGGRESSIVE;
				CLANG_WARN_UNREACHABLE_CODE = YES;
				CLANG_WARN__DUPLICATE_METHOD_MATCH = YES;
				COPY_PHASE_STRIP = NO;
				DEBUG_INFORMATION_FORMAT = "dwarf-with-dsym";
				ENABLE_NS_ASSERTIONS = NO;
				ENABLE_STRICT_OBJC_MSGSEND = YES;
				GCC_C_LANGUAGE_STANDARD = gnu11;
				GCC_NO_COMMON_BLOCKS = YES;
				GCC_WARN_64_TO_32_BIT_CONVERSION = YES;
				GCC_WARN_ABOUT_RETURN_TYPE = YES_ERROR;
				GCC_WARN_UNDECLARED_SELECTOR = YES;
				GCC_WARN_UNINITIALIZED_AUTOS = YES_AGGRESSIVE;
				GCC_WARN_UNUSED_FUNCTION = YES;
				GCC_WARN_UNUSED_VARIABLE = YES;
				IPHONEOS_DEPLOYMENT_TARGET = 14.3;
				MTL_ENABLE_DEBUG_INFO = NO;
				MTL_FAST_MATH = YES;
				SDKROOT = iphoneos;
				SWIFT_COMPILATION_MODE = wholemodule;
				SWIFT_OPTIMIZATION_LEVEL = "-O";
				VALIDATE_PRODUCT = YES;
			};
			name = Release;
		};
		F89DC44225B257D0003CDF13 /* Debug */ = {
			isa = XCBuildConfiguration;
			buildSettings = {
				ASSETCATALOG_COMPILER_APPICON_NAME = AppIcon;
				ASSETCATALOG_COMPILER_GLOBAL_ACCENT_COLOR_NAME = AccentColor;
				CODE_SIGN_STYLE = Automatic;
				DEVELOPMENT_ASSET_PATHS = "\"MIDIHero/Preview Content\"";
				DEVELOPMENT_TEAM = Z3Y3JEG555;
				ENABLE_PREVIEWS = YES;
				INFOPLIST_FILE = MIDIHero/Info.plist;
				IPHONEOS_DEPLOYMENT_TARGET = 14.0;
				LD_RUNPATH_SEARCH_PATHS = (
					"$(inherited)",
					"@executable_path/Frameworks",
				);
				PRODUCT_BUNDLE_IDENTIFIER = com.blackfeet.MIDIHero;
				PRODUCT_NAME = "$(TARGET_NAME)";
				SWIFT_VERSION = 5.0;
				TARGETED_DEVICE_FAMILY = "1,2";
			};
			name = Debug;
		};
		F89DC44325B257D0003CDF13 /* Release */ = {
			isa = XCBuildConfiguration;
			buildSettings = {
				ASSETCATALOG_COMPILER_APPICON_NAME = AppIcon;
				ASSETCATALOG_COMPILER_GLOBAL_ACCENT_COLOR_NAME = AccentColor;
				CODE_SIGN_STYLE = Automatic;
				DEVELOPMENT_ASSET_PATHS = "\"MIDIHero/Preview Content\"";
				DEVELOPMENT_TEAM = Z3Y3JEG555;
				ENABLE_PREVIEWS = YES;
				INFOPLIST_FILE = MIDIHero/Info.plist;
				IPHONEOS_DEPLOYMENT_TARGET = 14.0;
				LD_RUNPATH_SEARCH_PATHS = (
					"$(inherited)",
					"@executable_path/Frameworks",
				);
				PRODUCT_BUNDLE_IDENTIFIER = com.blackfeet.MIDIHero;
				PRODUCT_NAME = "$(TARGET_NAME)";
				SWIFT_VERSION = 5.0;
				TARGETED_DEVICE_FAMILY = "1,2";
			};
			name = Release;
		};
		F89DC44525B257D0003CDF13 /* Debug */ = {
			isa = XCBuildConfiguration;
			buildSettings = {
				ALWAYS_EMBED_SWIFT_STANDARD_LIBRARIES = YES;
				BUNDLE_LOADER = "$(TEST_HOST)";
				CODE_SIGN_STYLE = Automatic;
				DEVELOPMENT_TEAM = Z3Y3JEG555;
				INFOPLIST_FILE = MIDIHeroTests/Info.plist;
				IPHONEOS_DEPLOYMENT_TARGET = 14.0;
				LD_RUNPATH_SEARCH_PATHS = (
					"$(inherited)",
					"@executable_path/Frameworks",
					"@loader_path/Frameworks",
				);
				PRODUCT_BUNDLE_IDENTIFIER = com.blackfeet.MIDIHeroTests;
				PRODUCT_NAME = "$(TARGET_NAME)";
				SWIFT_VERSION = 5.0;
				TARGETED_DEVICE_FAMILY = "1,2";
				TEST_HOST = "$(BUILT_PRODUCTS_DIR)/MIDIHero.app/MIDIHero";
			};
			name = Debug;
		};
		F89DC44625B257D0003CDF13 /* Release */ = {
			isa = XCBuildConfiguration;
			buildSettings = {
				ALWAYS_EMBED_SWIFT_STANDARD_LIBRARIES = YES;
				BUNDLE_LOADER = "$(TEST_HOST)";
				CODE_SIGN_STYLE = Automatic;
				DEVELOPMENT_TEAM = Z3Y3JEG555;
				INFOPLIST_FILE = MIDIHeroTests/Info.plist;
				IPHONEOS_DEPLOYMENT_TARGET = 14.0;
				LD_RUNPATH_SEARCH_PATHS = (
					"$(inherited)",
					"@executable_path/Frameworks",
					"@loader_path/Frameworks",
				);
				PRODUCT_BUNDLE_IDENTIFIER = com.blackfeet.MIDIHeroTests;
				PRODUCT_NAME = "$(TARGET_NAME)";
				SWIFT_VERSION = 5.0;
				TARGETED_DEVICE_FAMILY = "1,2";
				TEST_HOST = "$(BUILT_PRODUCTS_DIR)/MIDIHero.app/MIDIHero";
			};
			name = Release;
		};
		F89DC44825B257D0003CDF13 /* Debug */ = {
			isa = XCBuildConfiguration;
			buildSettings = {
				ALWAYS_EMBED_SWIFT_STANDARD_LIBRARIES = YES;
				CODE_SIGN_STYLE = Automatic;
				DEVELOPMENT_TEAM = Z3Y3JEG555;
				INFOPLIST_FILE = MIDIHeroUITests/Info.plist;
				LD_RUNPATH_SEARCH_PATHS = (
					"$(inherited)",
					"@executable_path/Frameworks",
					"@loader_path/Frameworks",
				);
				PRODUCT_BUNDLE_IDENTIFIER = com.blackfeet.MIDIHeroUITests;
				PRODUCT_NAME = "$(TARGET_NAME)";
				SWIFT_VERSION = 5.0;
				TARGETED_DEVICE_FAMILY = "1,2";
				TEST_TARGET_NAME = MIDIHero;
			};
			name = Debug;
		};
		F89DC44925B257D0003CDF13 /* Release */ = {
			isa = XCBuildConfiguration;
			buildSettings = {
				ALWAYS_EMBED_SWIFT_STANDARD_LIBRARIES = YES;
				CODE_SIGN_STYLE = Automatic;
				DEVELOPMENT_TEAM = Z3Y3JEG555;
				INFOPLIST_FILE = MIDIHeroUITests/Info.plist;
				LD_RUNPATH_SEARCH_PATHS = (
					"$(inherited)",
					"@executable_path/Frameworks",
					"@loader_path/Frameworks",
				);
				PRODUCT_BUNDLE_IDENTIFIER = com.blackfeet.MIDIHeroUITests;
				PRODUCT_NAME = "$(TARGET_NAME)";
				SWIFT_VERSION = 5.0;
				TARGETED_DEVICE_FAMILY = "1,2";
				TEST_TARGET_NAME = MIDIHero;
			};
			name = Release;
		};
/* End XCBuildConfiguration section */

/* Begin XCConfigurationList section */
		F89DC41725B257CD003CDF13 /* Build configuration list for PBXProject "MIDIHero" */ = {
			isa = XCConfigurationList;
			buildConfigurations = (
				F89DC43F25B257D0003CDF13 /* Debug */,
				F89DC44025B257D0003CDF13 /* Release */,
			);
			defaultConfigurationIsVisible = 0;
			defaultConfigurationName = Release;
		};
		F89DC44125B257D0003CDF13 /* Build configuration list for PBXNativeTarget "MIDIHero" */ = {
			isa = XCConfigurationList;
			buildConfigurations = (
				F89DC44225B257D0003CDF13 /* Debug */,
				F89DC44325B257D0003CDF13 /* Release */,
			);
			defaultConfigurationIsVisible = 0;
			defaultConfigurationName = Release;
		};
		F89DC44425B257D0003CDF13 /* Build configuration list for PBXNativeTarget "MIDIHeroTests" */ = {
			isa = XCConfigurationList;
			buildConfigurations = (
				F89DC44525B257D0003CDF13 /* Debug */,
				F89DC44625B257D0003CDF13 /* Release */,
			);
			defaultConfigurationIsVisible = 0;
			defaultConfigurationName = Release;
		};
		F89DC44725B257D0003CDF13 /* Build configuration list for PBXNativeTarget "MIDIHeroUITests" */ = {
			isa = XCConfigurationList;
			buildConfigurations = (
				F89DC44825B257D0003CDF13 /* Debug */,
				F89DC44925B257D0003CDF13 /* Release */,
			);
			defaultConfigurationIsVisible = 0;
			defaultConfigurationName = Release;
		};
/* End XCConfigurationList section */

/* Begin XCRemoteSwiftPackageReference section */
		F83B3E2725BF4C4700008750 /* XCRemoteSwiftPackageReference "SwiftMIDI" */ = {
			isa = XCRemoteSwiftPackageReference;
			repositoryURL = "https://github.com/moosefactory/SwiftMIDI.git";
			requirement = {
				kind = upToNextMajorVersion;
				minimumVersion = 1.0.0;
			};
		};
/* End XCRemoteSwiftPackageReference section */

/* Begin XCSwiftPackageProductDependency section */
		F83B3E2825BF4C4700008750 /* SwiftMIDI */ = {
			isa = XCSwiftPackageProductDependency;
			package = F83B3E2725BF4C4700008750 /* XCRemoteSwiftPackageReference "SwiftMIDI" */;
			productName = SwiftMIDI;
		};
/* End XCSwiftPackageProductDependency section */
	};
	rootObject = F89DC41425B257CD003CDF13 /* Project object */;
}
